// !$*UTF8*$!
{
	archiveVersion = 1;
	classes = {
	};
	objectVersion = 46;
	objects = {

/* Begin PBXBuildFile section */
		AE00588617C740990061146F /* EPPZBoolTools.m in Sources */ = {isa = PBXBuildFile; fileRef = AE00588517C740990061146F /* EPPZBoolTools.m */; };
		AE05144A17D1922D00F7FE5E /* EPPZVersions.m in Sources */ = {isa = PBXBuildFile; fileRef = AE05144917D1922D00F7FE5E /* EPPZVersions.m */; };
		AE0F38BA17A459C500552157 /* NSDecimalNumber+LocalizedPrice.m in Sources */ = {isa = PBXBuildFile; fileRef = AE0F38B917A459C500552157 /* NSDecimalNumber+LocalizedPrice.m */; };
		AE17942B1891E4BA00954D38 /* EPPZRepresentablePropertyCell.m in Sources */ = {isa = PBXBuildFile; fileRef = AE17942A1891E4BA00954D38 /* EPPZRepresentablePropertyCell.m */; };
		AE3511B31841282700BCC751 /* UIImage+EPPZKit.m in Sources */ = {isa = PBXBuildFile; fileRef = AE3511B21841282700BCC751 /* UIImage+EPPZKit.m */; };
		AE3511B71841886000BCC751 /* UICircle.m in Sources */ = {isa = PBXBuildFile; fileRef = AE3511B61841886000BCC751 /* UICircle.m */; };
		AE6A81AA1844140A007DACC8 /* UIFont+EPPZKit.m in Sources */ = {isa = PBXBuildFile; fileRef = AE6A81A91844140A007DACC8 /* UIFont+EPPZKit.m */; };
		AE83531B1796317D005EE0DC /* EPPZAppStore.m in Sources */ = {isa = PBXBuildFile; fileRef = AE8353141796317D005EE0DC /* EPPZAppStore.m */; };
		AE83531E1796317D005EE0DC /* SKProduct+LocalizedPrice.m in Sources */ = {isa = PBXBuildFile; fileRef = AE83531A1796317D005EE0DC /* SKProduct+LocalizedPrice.m */; };
		AE89108F17F13472001CC4B5 /* EPPZRepresentableException.m in Sources */ = {isa = PBXBuildFile; fileRef = AE89108E17F13472001CC4B5 /* EPPZRepresentableException.m */; };
		AE9206B41891CF070072C02C /* TBRepresentableViewController.m in Sources */ = {isa = PBXBuildFile; fileRef = AE9206B31891CF070072C02C /* TBRepresentableViewController.m */; };
		AE9206B61891CF1E0072C02C /* TBRepresentableViewController.xib in Resources */ = {isa = PBXBuildFile; fileRef = AE9206B51891CF1E0072C02C /* TBRepresentableViewController.xib */; };
		AE922F79179381280088E5E5 /* Foundation.framework in Frameworks */ = {isa = PBXBuildFile; fileRef = AE922F4317937A1A0088E5E5 /* Foundation.framework */; };
		AE922F87179381D60088E5E5 /* EPPZSingleton.m in Sources */ = {isa = PBXBuildFile; fileRef = AE922F6D17937B4D0088E5E5 /* EPPZSingleton.m */; settings = {COMPILER_FLAGS = "-fno-objc-arc"; }; };
		AE922F88179381E70088E5E5 /* EPPZFileManager.m in Sources */ = {isa = PBXBuildFile; fileRef = AE922F6917937B2C0088E5E5 /* EPPZFileManager.m */; };
		AE922F89179381ED0088E5E5 /* NSString+EPPZKit.m in Sources */ = {isa = PBXBuildFile; fileRef = AE922F7217937B6A0088E5E5 /* NSString+EPPZKit.m */; };
		AE922FA21793852F0088E5E5 /* UIKit.framework in Frameworks */ = {isa = PBXBuildFile; fileRef = AE922F4117937A1A0088E5E5 /* UIKit.framework */; };
		AE922FA31793852F0088E5E5 /* Foundation.framework in Frameworks */ = {isa = PBXBuildFile; fileRef = AE922F4317937A1A0088E5E5 /* Foundation.framework */; };
		AE922FA41793852F0088E5E5 /* CoreGraphics.framework in Frameworks */ = {isa = PBXBuildFile; fileRef = AE922F4517937A1A0088E5E5 /* CoreGraphics.framework */; };
		AE922FAA1793852F0088E5E5 /* InfoPlist.strings in Resources */ = {isa = PBXBuildFile; fileRef = AE922FA81793852F0088E5E5 /* InfoPlist.strings */; };
		AE922FAC1793852F0088E5E5 /* main.m in Sources */ = {isa = PBXBuildFile; fileRef = AE922FAB1793852F0088E5E5 /* main.m */; };
		AE922FB01793852F0088E5E5 /* TBAppDelegate.m in Sources */ = {isa = PBXBuildFile; fileRef = AE922FAF1793852F0088E5E5 /* TBAppDelegate.m */; };
		AE922FB2179385300088E5E5 /* _Default.png in Resources */ = {isa = PBXBuildFile; fileRef = AE922FB1179385300088E5E5 /* _Default.png */; };
		AE922FB4179385300088E5E5 /* _Default@2x.png in Resources */ = {isa = PBXBuildFile; fileRef = AE922FB3179385300088E5E5 /* _Default@2x.png */; };
		AE922FB6179385300088E5E5 /* _Default-568h@2x.png in Resources */ = {isa = PBXBuildFile; fileRef = AE922FB5179385300088E5E5 /* _Default-568h@2x.png */; };
		AE922FB9179385300088E5E5 /* TBHtmlStringViewController.m in Sources */ = {isa = PBXBuildFile; fileRef = AE922FB8179385300088E5E5 /* TBHtmlStringViewController.m */; };
		AE922FBC179385300088E5E5 /* TBHtmlStringViewController.xib in Resources */ = {isa = PBXBuildFile; fileRef = AE922FBA179385300088E5E5 /* TBHtmlStringViewController.xib */; };
		AE922FC5179389D30088E5E5 /* lib!eppz!kit.a in Frameworks */ = {isa = PBXBuildFile; fileRef = AE922FC4179389D30088E5E5 /* lib!eppz!kit.a */; };
		AE9C3D6A1797522100D01536 /* EPPZViewOwner.m in Sources */ = {isa = PBXBuildFile; fileRef = AE9C3D691797522100D01536 /* EPPZViewOwner.m */; };
		AE9C3D7017975DB500D01536 /* EPPZAlert.m in Sources */ = {isa = PBXBuildFile; fileRef = AE9C3D6D17975DB500D01536 /* EPPZAlert.m */; };
		AE9C3D7117975DB500D01536 /* EPPZAlert+Factory.m in Sources */ = {isa = PBXBuildFile; fileRef = AE9C3D6F17975DB500D01536 /* EPPZAlert+Factory.m */; };
		AE9C40B81794A0A700090A82 /* EPPZReachability.m in Sources */ = {isa = PBXBuildFile; fileRef = AE9C40B71794A0A700090A82 /* EPPZReachability.m */; };
		AE9C40BB1794A0C800090A82 /* NSString+EPPZReachability.m in Sources */ = {isa = PBXBuildFile; fileRef = AE9C40BA1794A0C800090A82 /* NSString+EPPZReachability.m */; };
		AE9C411C1794A4D600090A82 /* EPPZUserDefaults.m in Sources */ = {isa = PBXBuildFile; fileRef = AE9C411B1794A4D600090A82 /* EPPZUserDefaults.m */; };
		AE9C41431794CA4A00090A82 /* EPPZFlatButton.m in Sources */ = {isa = PBXBuildFile; fileRef = AE9C41421794CA4A00090A82 /* EPPZFlatButton.m */; };
		AE9E939D1890939700968317 /* UIColor+EPPZKit.m in Sources */ = {isa = PBXBuildFile; fileRef = AE9E939C1890939700968317 /* UIColor+EPPZKit.m */; };
		AE9FCBD817CEB5CC004C57CD /* EPPZTools.m in Sources */ = {isa = PBXBuildFile; fileRef = AE9FCBD717CEB5CC004C57CD /* EPPZTools.m */; };
		AEA0B27F179DF68200439EB0 /* EPPZPagingScrollViewController.m in Sources */ = {isa = PBXBuildFile; fileRef = AEA0B27E179DF68200439EB0 /* EPPZPagingScrollViewController.m */; };
		AEBA295417C8339600C3DA9F /* EPPZAnalytics.m in Sources */ = {isa = PBXBuildFile; fileRef = AEBA294617C8339600C3DA9F /* EPPZAnalytics.m */; };
		AEBA295517C8339600C3DA9F /* EPPZAnalyticsService.m in Sources */ = {isa = PBXBuildFile; fileRef = AEBA294817C8339600C3DA9F /* EPPZAnalyticsService.m */; };
		AEBA295617C8339600C3DA9F /* EPPZAnalyticsTimer.m in Sources */ = {isa = PBXBuildFile; fileRef = AEBA294A17C8339600C3DA9F /* EPPZAnalyticsTimer.m */; };
		AEBA295717C8339600C3DA9F /* EPPZGoogleAnalyticsService.m in Sources */ = {isa = PBXBuildFile; fileRef = AEBA294C17C8339600C3DA9F /* EPPZGoogleAnalyticsService.m */; };
		AEBA295817C8339600C3DA9F /* libGoogleAnalytics_debug.a in Frameworks */ = {isa = PBXBuildFile; fileRef = AEBA295217C8339600C3DA9F /* libGoogleAnalytics_debug.a */; };
		AEBA296A17C85D0B00C3DA9F /* CoreData.framework in Frameworks */ = {isa = PBXBuildFile; fileRef = AEBA296917C85D0B00C3DA9F /* CoreData.framework */; };
		AEBD4712188DF36600BAD7A8 /* lib!eppz!kit.a in Frameworks */ = {isa = PBXBuildFile; fileRef = AE922F78179381270088E5E5 /* lib!eppz!kit.a */; };
		AEBD4714188DF74400BAD7A8 /* NSArray+EPPZKit.m in Sources */ = {isa = PBXBuildFile; fileRef = AEBD4713188DF74400BAD7A8 /* NSArray+EPPZKit.m */; };
		AEBD4718188DF77000BAD7A8 /* TTools.m in Sources */ = {isa = PBXBuildFile; fileRef = AEBD4717188DF77000BAD7A8 /* TTools.m */; };
		AEBD471B188DFDFF00BAD7A8 /* .travis.yml in Resources */ = {isa = PBXBuildFile; fileRef = AEBD471A188DFDFF00BAD7A8 /* .travis.yml */; };
		AEBD4721188E018800BAD7A8 /* .gitignore in Resources */ = {isa = PBXBuildFile; fileRef = AEBD4720188E018800BAD7A8 /* .gitignore */; };
		AEBD4723188E029400BAD7A8 /* NSDictionary+EPPZKit.m in Sources */ = {isa = PBXBuildFile; fileRef = AEBD4722188E029400BAD7A8 /* NSDictionary+EPPZKit.m */; };
		AEBD4726188E03DA00BAD7A8 /* EPPZBoolTools.m in Sources */ = {isa = PBXBuildFile; fileRef = AEBD4725188E03DA00BAD7A8 /* EPPZBoolTools.m */; };
		AEC4FDA917CC69720092F28C /* libGoogleAnalyticsServices.a in Frameworks */ = {isa = PBXBuildFile; fileRef = AEC4FDA817CC69720092F28C /* libGoogleAnalyticsServices.a */; };
		AEC6888C17B313C000F2206F /* EPPZLabel.m in Sources */ = {isa = PBXBuildFile; fileRef = AEC6888B17B313C000F2206F /* EPPZLabel.m */; };
		AECCD94D17A5D80E001CAAFD /* NSDate+EPPZKit.m in Sources */ = {isa = PBXBuildFile; fileRef = AECCD94C17A5D80E001CAAFD /* NSDate+EPPZKit.m */; };
		AECCD95217A5DE4C001CAAFD /* StoreKit.framework in Frameworks */ = {isa = PBXBuildFile; fileRef = AECCD95017A5DE4C001CAAFD /* StoreKit.framework */; };
		AECCD95317A5DE4C001CAAFD /* SystemConfiguration.framework in Frameworks */ = {isa = PBXBuildFile; fileRef = AECCD95117A5DE4C001CAAFD /* SystemConfiguration.framework */; };
		AECCD95417A5DE90001CAAFD /* StoreKit.framework in Frameworks */ = {isa = PBXBuildFile; fileRef = AECCD95017A5DE4C001CAAFD /* StoreKit.framework */; };
		AECCD95517A5DE90001CAAFD /* SystemConfiguration.framework in Frameworks */ = {isa = PBXBuildFile; fileRef = AECCD95117A5DE4C001CAAFD /* SystemConfiguration.framework */; };
		AECDE7981842F3A6004C5ACF /* UIColor+EPPZKit.m in Sources */ = {isa = PBXBuildFile; fileRef = AECDE7971842F3A6004C5ACF /* UIColor+EPPZKit.m */; };
		AECECBED18428C0F0062250B /* EPPZRandom.m in Sources */ = {isa = PBXBuildFile; fileRef = AECECBEC18428C0F0062250B /* EPPZRandom.m */; };
		AED43CA1182C7EB300E05FA6 /* TBGeometryLinesViewController.m in Sources */ = {isa = PBXBuildFile; fileRef = AED43C9F182C7EB300E05FA6 /* TBGeometryLinesViewController.m */; };
		AED43CA2182C7EB300E05FA6 /* TBGeometryLinesViewController.xib in Resources */ = {isa = PBXBuildFile; fileRef = AED43CA0182C7EB300E05FA6 /* TBGeometryLinesViewController.xib */; };
		AED43CA8182C7EEF00E05FA6 /* TBMenuViewController.m in Sources */ = {isa = PBXBuildFile; fileRef = AED43CA6182C7EEF00E05FA6 /* TBMenuViewController.m */; };
		AED43CA9182C7EEF00E05FA6 /* TBMenuViewController.xib in Resources */ = {isa = PBXBuildFile; fileRef = AED43CA7182C7EEF00E05FA6 /* TBMenuViewController.xib */; };
		AED43CAD182C7F6000E05FA6 /* TBButton.m in Sources */ = {isa = PBXBuildFile; fileRef = AED43CAC182C7F6000E05FA6 /* TBButton.m */; };
		AED43CB1182C84D000E05FA6 /* TBGeometryLinesView.m in Sources */ = {isa = PBXBuildFile; fileRef = AED43CB0182C84D000E05FA6 /* TBGeometryLinesView.m */; };
		AED953171798B9B50000A0B6 /* EPPZAppStoreCallbacks.m in Sources */ = {isa = PBXBuildFile; fileRef = AED953161798B9B50000A0B6 /* EPPZAppStoreCallbacks.m */; };
		AEEBDE7E18008C72001A3255 /* NSArray+EPPZKit.m in Sources */ = {isa = PBXBuildFile; fileRef = AEEBDE7D18008C72001A3255 /* NSArray+EPPZKit.m */; };
		AEF1C56A188DECBC00068D4D /* EPPZColorThemeTestbed.m in Sources */ = {isa = PBXBuildFile; fileRef = AEF1C567188DECA100068D4D /* EPPZColorThemeTestbed.m */; };
		AEF1C58B188DF29200068D4D /* XCTest.framework in Frameworks */ = {isa = PBXBuildFile; fileRef = AEF1C570188DEF4500068D4D /* XCTest.framework */; };
		AEF1C58C188DF29200068D4D /* Foundation.framework in Frameworks */ = {isa = PBXBuildFile; fileRef = AE922F4317937A1A0088E5E5 /* Foundation.framework */; };
		AEF1C58D188DF29200068D4D /* UIKit.framework in Frameworks */ = {isa = PBXBuildFile; fileRef = AE922F4117937A1A0088E5E5 /* UIKit.framework */; };
		AEF1C593188DF29200068D4D /* InfoPlist.strings in Resources */ = {isa = PBXBuildFile; fileRef = AEF1C591188DF29200068D4D /* InfoPlist.strings */; };
		AEFC653817B81865004B5214 /* EPPZTimer.m in Sources */ = {isa = PBXBuildFile; fileRef = AEFC653717B81865004B5214 /* EPPZTimer.m */; };
		D804A39E18919D8F00082290 /* EPPZRepresentableInspectorViewController.m in Sources */ = {isa = PBXBuildFile; fileRef = D804A39D18919D8F00082290 /* EPPZRepresentableInspectorViewController.m */; };
		D81E3DBC17CCEC1A00B2C7A4 /* AdSupport.framework in Frameworks */ = {isa = PBXBuildFile; fileRef = D81E3DBB17CCEC1A00B2C7A4 /* AdSupport.framework */; };
		D81E3DBE17CCEC1F00B2C7A4 /* libz.dylib in Frameworks */ = {isa = PBXBuildFile; fileRef = D81E3DBD17CCEC1F00B2C7A4 /* libz.dylib */; };
		D81E3DC217CD00AF00B2C7A4 /* UIColor+EPPZRepresenter.m in Sources */ = {isa = PBXBuildFile; fileRef = D81E3DC117CD00AF00B2C7A4 /* UIColor+EPPZRepresenter.m */; };
		D822ACA917C671200076DE10 /* NSObject+EPPZRepresentable_Plist.m in Sources */ = {isa = PBXBuildFile; fileRef = D822ACA817C671200076DE10 /* NSObject+EPPZRepresentable_Plist.m */; };
		D822ACAC17C67D5E0076DE10 /* user.plist in Resources */ = {isa = PBXBuildFile; fileRef = D822ACAB17C67D5E0076DE10 /* user.plist */; };
		D825700318203BD2008A40C9 /* EPPZGeometry.m in Sources */ = {isa = PBXBuildFile; fileRef = D825700218203BD2008A40C9 /* EPPZGeometry.m */; };
		D8302F5F17BB965800472478 /* EPPZTagFinder.m in Sources */ = {isa = PBXBuildFile; fileRef = D8302F5E17BB965800472478 /* EPPZTagFinder.m */; };
		D8302F6617BBA5BD00472478 /* CoreText.framework in Frameworks */ = {isa = PBXBuildFile; fileRef = D8302F6217BB98F100472478 /* CoreText.framework */; };
		D8302F6717BBA5C500472478 /* QuartzCore.framework in Frameworks */ = {isa = PBXBuildFile; fileRef = D8302F6417BB990F00472478 /* QuartzCore.framework */; };
		D8302F8C17BBF15700472478 /* EPPZGestureRecognizer.m in Sources */ = {isa = PBXBuildFile; fileRef = D8302F8B17BBF15700472478 /* EPPZGestureRecognizer.m */; };
		D84229BA1821893500B15EC8 /* EPPZDiatonicScale.m in Sources */ = {isa = PBXBuildFile; fileRef = D84229B91821893500B15EC8 /* EPPZDiatonicScale.m */; };
		D880A8B2188DA4170037A000 /* NSDictionary+EPPZKit.m in Sources */ = {isa = PBXBuildFile; fileRef = D880A8B1188DA4170037A000 /* NSDictionary+EPPZKit.m */; };
		D889D823188FEB3400D8B6CC /* NSString+EPPZKit.m in Sources */ = {isa = PBXBuildFile; fileRef = D889D821188FE6DD00D8B6CC /* NSString+EPPZKit.m */; };
		D8AD5DAC17BD0B84004BD9AF /* EPPZDevice.m in Sources */ = {isa = PBXBuildFile; fileRef = D8AD5DAB17BD0B84004BD9AF /* EPPZDevice.m */; };
		D8AD5DB017BD22BB004BD9AF /* NSObject+EPPZRepresentable.m in Sources */ = {isa = PBXBuildFile; fileRef = D8AD5DAF17BD22BB004BD9AF /* NSObject+EPPZRepresentable.m */; };
		D8AD5DB817BD2711004BD9AF /* TBEntity.m in Sources */ = {isa = PBXBuildFile; fileRef = D8AD5DB717BD2711004BD9AF /* TBEntity.m */; };
		D8AD5DBB17BD28C7004BD9AF /* TBUser.m in Sources */ = {isa = PBXBuildFile; fileRef = D8AD5DBA17BD28C7004BD9AF /* TBUser.m */; };
		D8AD5DC117BD30CD004BD9AF /* TBGameUser.m in Sources */ = {isa = PBXBuildFile; fileRef = D8AD5DC017BD30CD004BD9AF /* TBGameUser.m */; };
		D8AD5DC517BD3895004BD9AF /* TBGameProgress.m in Sources */ = {isa = PBXBuildFile; fileRef = D8AD5DC417BD3895004BD9AF /* TBGameProgress.m */; };
		D8B1BC1B17C7A17F0071763B /* UIView+EPPZRepresentable.m in Sources */ = {isa = PBXBuildFile; fileRef = D8B1BC1A17C7A17F0071763B /* UIView+EPPZRepresentable.m */; };
		D8B1BC1E17C7BE030071763B /* EPPZRepresenter.m in Sources */ = {isa = PBXBuildFile; fileRef = D8B1BC1D17C7BE030071763B /* EPPZRepresenter.m */; };
		D8BD6A7A17CE48E1007640CE /* NSObject+EPPZRepresentable_Archive.m in Sources */ = {isa = PBXBuildFile; fileRef = D8BD6A7917CE48E1007640CE /* NSObject+EPPZRepresentable_Archive.m */; };
		D8EDD5C918914AFA003820FC /* EPPZBinding.m in Sources */ = {isa = PBXBuildFile; fileRef = D8EDD5C818914AFA003820FC /* EPPZBinding.m */; };
/* End PBXBuildFile section */

/* Begin PBXContainerItemProxy section */
		AEBD4710188DF36000BAD7A8 /* PBXContainerItemProxy */ = {
			isa = PBXContainerItemProxy;
			containerPortal = AE922F3617937A1A0088E5E5 /* Project object */;
			proxyType = 1;
			remoteGlobalIDString = AE922F77179381270088E5E5;
			remoteInfo = "eppz!kit";
		};
		AEF1C597188DF29200068D4D /* PBXContainerItemProxy */ = {
			isa = PBXContainerItemProxy;
			containerPortal = AE922F3617937A1A0088E5E5 /* Project object */;
			proxyType = 1;
			remoteGlobalIDString = AE922FA01793852F0088E5E5;
			remoteInfo = "eppz!kit!testbed";
		};
		AEF1C59C188DF2D700068D4D /* PBXContainerItemProxy */ = {
			isa = PBXContainerItemProxy;
			containerPortal = AE922F3617937A1A0088E5E5 /* Project object */;
			proxyType = 1;
			remoteGlobalIDString = AE922F77179381270088E5E5;
			remoteInfo = "eppz!kit";
		};
/* End PBXContainerItemProxy section */

/* Begin PBXCopyFilesBuildPhase section */
		AE922F76179381270088E5E5 /* CopyFiles */ = {
			isa = PBXCopyFilesBuildPhase;
			buildActionMask = 2147483647;
			dstPath = "include/${PRODUCT_NAME}";
			dstSubfolderSpec = 16;
			files = (
			);
			runOnlyForDeploymentPostprocessing = 0;
		};
/* End PBXCopyFilesBuildPhase section */

/* Begin PBXFileReference section */
		AE00588417C740990061146F /* EPPZBoolTools.h */ = {isa = PBXFileReference; fileEncoding = 4; lastKnownFileType = sourcecode.c.h; path = EPPZBoolTools.h; sourceTree = "<group>"; };
		AE00588517C740990061146F /* EPPZBoolTools.m */ = {isa = PBXFileReference; fileEncoding = 4; lastKnownFileType = sourcecode.c.objc; path = EPPZBoolTools.m; sourceTree = "<group>"; };
		AE05144817D1922D00F7FE5E /* EPPZVersions.h */ = {isa = PBXFileReference; fileEncoding = 4; lastKnownFileType = sourcecode.c.h; path = EPPZVersions.h; sourceTree = "<group>"; };
		AE05144917D1922D00F7FE5E /* EPPZVersions.m */ = {isa = PBXFileReference; fileEncoding = 4; lastKnownFileType = sourcecode.c.objc; path = EPPZVersions.m; sourceTree = "<group>"; };
		AE0F38B817A459C500552157 /* NSDecimalNumber+LocalizedPrice.h */ = {isa = PBXFileReference; fileEncoding = 4; lastKnownFileType = sourcecode.c.h; path = "NSDecimalNumber+LocalizedPrice.h"; sourceTree = "<group>"; };
		AE0F38B917A459C500552157 /* NSDecimalNumber+LocalizedPrice.m */ = {isa = PBXFileReference; fileEncoding = 4; lastKnownFileType = sourcecode.c.objc; path = "NSDecimalNumber+LocalizedPrice.m"; sourceTree = "<group>"; };
		AE1794291891E4BA00954D38 /* EPPZRepresentablePropertyCell.h */ = {isa = PBXFileReference; fileEncoding = 4; lastKnownFileType = sourcecode.c.h; path = EPPZRepresentablePropertyCell.h; sourceTree = "<group>"; };
		AE17942A1891E4BA00954D38 /* EPPZRepresentablePropertyCell.m */ = {isa = PBXFileReference; fileEncoding = 4; lastKnownFileType = sourcecode.c.objc; path = EPPZRepresentablePropertyCell.m; sourceTree = "<group>"; };
		AE3511B11841282700BCC751 /* UIImage+EPPZKit.h */ = {isa = PBXFileReference; fileEncoding = 4; lastKnownFileType = sourcecode.c.h; path = "UIImage+EPPZKit.h"; sourceTree = "<group>"; };
		AE3511B21841282700BCC751 /* UIImage+EPPZKit.m */ = {isa = PBXFileReference; fileEncoding = 4; lastKnownFileType = sourcecode.c.objc; path = "UIImage+EPPZKit.m"; sourceTree = "<group>"; };
		AE3511B51841886000BCC751 /* UICircle.h */ = {isa = PBXFileReference; fileEncoding = 4; lastKnownFileType = sourcecode.c.h; path = UICircle.h; sourceTree = "<group>"; };
		AE3511B61841886000BCC751 /* UICircle.m */ = {isa = PBXFileReference; fileEncoding = 4; lastKnownFileType = sourcecode.c.objc; path = UICircle.m; sourceTree = "<group>"; };
		AE6A81A81844140A007DACC8 /* UIFont+EPPZKit.h */ = {isa = PBXFileReference; fileEncoding = 4; lastKnownFileType = sourcecode.c.h; path = "UIFont+EPPZKit.h"; sourceTree = "<group>"; };
		AE6A81A91844140A007DACC8 /* UIFont+EPPZKit.m */ = {isa = PBXFileReference; fileEncoding = 4; lastKnownFileType = sourcecode.c.objc; path = "UIFont+EPPZKit.m"; sourceTree = "<group>"; };
		AE8353131796317D005EE0DC /* EPPZAppStore.h */ = {isa = PBXFileReference; fileEncoding = 4; lastKnownFileType = sourcecode.c.h; path = EPPZAppStore.h; sourceTree = "<group>"; };
		AE8353141796317D005EE0DC /* EPPZAppStore.m */ = {isa = PBXFileReference; fileEncoding = 4; lastKnownFileType = sourcecode.c.objc; path = EPPZAppStore.m; sourceTree = "<group>"; };
		AE8353191796317D005EE0DC /* SKProduct+LocalizedPrice.h */ = {isa = PBXFileReference; fileEncoding = 4; lastKnownFileType = sourcecode.c.h; path = "SKProduct+LocalizedPrice.h"; sourceTree = "<group>"; };
		AE83531A1796317D005EE0DC /* SKProduct+LocalizedPrice.m */ = {isa = PBXFileReference; fileEncoding = 4; lastKnownFileType = sourcecode.c.objc; path = "SKProduct+LocalizedPrice.m"; sourceTree = "<group>"; };
		AE89108D17F13472001CC4B5 /* EPPZRepresentableException.h */ = {isa = PBXFileReference; fileEncoding = 4; lastKnownFileType = sourcecode.c.h; path = EPPZRepresentableException.h; sourceTree = "<group>"; };
		AE89108E17F13472001CC4B5 /* EPPZRepresentableException.m */ = {isa = PBXFileReference; fileEncoding = 4; lastKnownFileType = sourcecode.c.objc; path = EPPZRepresentableException.m; sourceTree = "<group>"; };
		AE9206B21891CF070072C02C /* TBRepresentableViewController.h */ = {isa = PBXFileReference; fileEncoding = 4; lastKnownFileType = sourcecode.c.h; path = TBRepresentableViewController.h; sourceTree = "<group>"; };
		AE9206B31891CF070072C02C /* TBRepresentableViewController.m */ = {isa = PBXFileReference; fileEncoding = 4; lastKnownFileType = sourcecode.c.objc; path = TBRepresentableViewController.m; sourceTree = "<group>"; };
		AE9206B51891CF1E0072C02C /* TBRepresentableViewController.xib */ = {isa = PBXFileReference; fileEncoding = 4; lastKnownFileType = file.xib; path = TBRepresentableViewController.xib; sourceTree = "<group>"; };
		AE922F4117937A1A0088E5E5 /* UIKit.framework */ = {isa = PBXFileReference; lastKnownFileType = wrapper.framework; name = UIKit.framework; path = System/Library/Frameworks/UIKit.framework; sourceTree = SDKROOT; };
		AE922F4317937A1A0088E5E5 /* Foundation.framework */ = {isa = PBXFileReference; lastKnownFileType = wrapper.framework; name = Foundation.framework; path = System/Library/Frameworks/Foundation.framework; sourceTree = SDKROOT; };
		AE922F4517937A1A0088E5E5 /* CoreGraphics.framework */ = {isa = PBXFileReference; lastKnownFileType = wrapper.framework; name = CoreGraphics.framework; path = System/Library/Frameworks/CoreGraphics.framework; sourceTree = SDKROOT; };
		AE922F6817937B2C0088E5E5 /* EPPZFileManager.h */ = {isa = PBXFileReference; fileEncoding = 4; lastKnownFileType = sourcecode.c.h; path = EPPZFileManager.h; sourceTree = "<group>"; };
		AE922F6917937B2C0088E5E5 /* EPPZFileManager.m */ = {isa = PBXFileReference; fileEncoding = 4; lastKnownFileType = sourcecode.c.objc; path = EPPZFileManager.m; sourceTree = "<group>"; };
		AE922F6C17937B4D0088E5E5 /* EPPZSingleton.h */ = {isa = PBXFileReference; fileEncoding = 4; lastKnownFileType = sourcecode.c.h; path = EPPZSingleton.h; sourceTree = "<group>"; };
		AE922F6D17937B4D0088E5E5 /* EPPZSingleton.m */ = {isa = PBXFileReference; fileEncoding = 4; lastKnownFileType = sourcecode.c.objc; path = EPPZSingleton.m; sourceTree = "<group>"; };
		AE922F6E17937B4D0088E5E5 /* EPPZSingletonSubclass.h */ = {isa = PBXFileReference; fileEncoding = 4; lastKnownFileType = sourcecode.c.h; path = EPPZSingletonSubclass.h; sourceTree = "<group>"; };
		AE922F7117937B6A0088E5E5 /* NSString+EPPZKit.h */ = {isa = PBXFileReference; fileEncoding = 4; lastKnownFileType = sourcecode.c.h; path = "NSString+EPPZKit.h"; sourceTree = "<group>"; };
		AE922F7217937B6A0088E5E5 /* NSString+EPPZKit.m */ = {isa = PBXFileReference; fileEncoding = 4; lastKnownFileType = sourcecode.c.objc; path = "NSString+EPPZKit.m"; sourceTree = "<group>"; };
		AE922F78179381270088E5E5 /* lib!eppz!kit.a */ = {isa = PBXFileReference; explicitFileType = archive.ar; includeInIndex = 0; path = "lib!eppz!kit.a"; sourceTree = BUILT_PRODUCTS_DIR; };
		AE922F841793817C0088E5E5 /* EPPZKit.h */ = {isa = PBXFileReference; fileEncoding = 4; lastKnownFileType = sourcecode.c.h; path = EPPZKit.h; sourceTree = "<group>"; };
		AE922FA11793852F0088E5E5 /* eppz!kit!testbed.app */ = {isa = PBXFileReference; explicitFileType = wrapper.application; includeInIndex = 0; path = "eppz!kit!testbed.app"; sourceTree = BUILT_PRODUCTS_DIR; };
		AE922FA71793852F0088E5E5 /* eppz!kit!testbed-Info.plist */ = {isa = PBXFileReference; lastKnownFileType = text.plist.xml; path = "eppz!kit!testbed-Info.plist"; sourceTree = "<group>"; };
		AE922FA91793852F0088E5E5 /* en */ = {isa = PBXFileReference; lastKnownFileType = text.plist.strings; name = en; path = en.lproj/InfoPlist.strings; sourceTree = "<group>"; };
		AE922FAB1793852F0088E5E5 /* main.m */ = {isa = PBXFileReference; lastKnownFileType = sourcecode.c.objc; path = main.m; sourceTree = "<group>"; };
		AE922FAD1793852F0088E5E5 /* eppz!kit!testbed-Prefix.pch */ = {isa = PBXFileReference; lastKnownFileType = sourcecode.c.h; path = "eppz!kit!testbed-Prefix.pch"; sourceTree = "<group>"; };
		AE922FAE1793852F0088E5E5 /* TBAppDelegate.h */ = {isa = PBXFileReference; lastKnownFileType = sourcecode.c.h; path = TBAppDelegate.h; sourceTree = "<group>"; };
		AE922FAF1793852F0088E5E5 /* TBAppDelegate.m */ = {isa = PBXFileReference; lastKnownFileType = sourcecode.c.objc; path = TBAppDelegate.m; sourceTree = "<group>"; };
		AE922FB1179385300088E5E5 /* _Default.png */ = {isa = PBXFileReference; lastKnownFileType = image.png; path = _Default.png; sourceTree = "<group>"; };
		AE922FB3179385300088E5E5 /* _Default@2x.png */ = {isa = PBXFileReference; lastKnownFileType = image.png; path = "_Default@2x.png"; sourceTree = "<group>"; };
		AE922FB5179385300088E5E5 /* _Default-568h@2x.png */ = {isa = PBXFileReference; lastKnownFileType = image.png; path = "_Default-568h@2x.png"; sourceTree = "<group>"; };
		AE922FB7179385300088E5E5 /* TBHtmlStringViewController.h */ = {isa = PBXFileReference; lastKnownFileType = sourcecode.c.h; path = TBHtmlStringViewController.h; sourceTree = "<group>"; };
		AE922FB8179385300088E5E5 /* TBHtmlStringViewController.m */ = {isa = PBXFileReference; lastKnownFileType = sourcecode.c.objc; path = TBHtmlStringViewController.m; sourceTree = "<group>"; };
		AE922FBB179385300088E5E5 /* en */ = {isa = PBXFileReference; lastKnownFileType = file.xib; name = en; path = en.lproj/TBHtmlStringViewController.xib; sourceTree = "<group>"; };
		AE922FC3179385ED0088E5E5 /* README.md */ = {isa = PBXFileReference; lastKnownFileType = text; path = README.md; sourceTree = SOURCE_ROOT; };
		AE922FC4179389D30088E5E5 /* lib!eppz!kit.a */ = {isa = PBXFileReference; lastKnownFileType = archive.ar; path = "lib!eppz!kit.a"; sourceTree = SOURCE_ROOT; };
		AE9C3D681797522100D01536 /* EPPZViewOwner.h */ = {isa = PBXFileReference; fileEncoding = 4; lastKnownFileType = sourcecode.c.h; path = EPPZViewOwner.h; sourceTree = "<group>"; };
		AE9C3D691797522100D01536 /* EPPZViewOwner.m */ = {isa = PBXFileReference; fileEncoding = 4; lastKnownFileType = sourcecode.c.objc; path = EPPZViewOwner.m; sourceTree = "<group>"; };
		AE9C3D6C17975DB500D01536 /* EPPZAlert.h */ = {isa = PBXFileReference; fileEncoding = 4; lastKnownFileType = sourcecode.c.h; path = EPPZAlert.h; sourceTree = "<group>"; };
		AE9C3D6D17975DB500D01536 /* EPPZAlert.m */ = {isa = PBXFileReference; fileEncoding = 4; lastKnownFileType = sourcecode.c.objc; path = EPPZAlert.m; sourceTree = "<group>"; };
		AE9C3D6E17975DB500D01536 /* EPPZAlert+Factory.h */ = {isa = PBXFileReference; fileEncoding = 4; lastKnownFileType = sourcecode.c.h; path = "EPPZAlert+Factory.h"; sourceTree = "<group>"; };
		AE9C3D6F17975DB500D01536 /* EPPZAlert+Factory.m */ = {isa = PBXFileReference; fileEncoding = 4; lastKnownFileType = sourcecode.c.objc; path = "EPPZAlert+Factory.m"; sourceTree = "<group>"; };
		AE9C40B61794A0A700090A82 /* EPPZReachability.h */ = {isa = PBXFileReference; fileEncoding = 4; lastKnownFileType = sourcecode.c.h; path = EPPZReachability.h; sourceTree = "<group>"; };
		AE9C40B71794A0A700090A82 /* EPPZReachability.m */ = {isa = PBXFileReference; fileEncoding = 4; lastKnownFileType = sourcecode.c.objc; path = EPPZReachability.m; sourceTree = "<group>"; };
		AE9C40B91794A0C800090A82 /* NSString+EPPZReachability.h */ = {isa = PBXFileReference; fileEncoding = 4; lastKnownFileType = sourcecode.c.h; path = "NSString+EPPZReachability.h"; sourceTree = "<group>"; };
		AE9C40BA1794A0C800090A82 /* NSString+EPPZReachability.m */ = {isa = PBXFileReference; fileEncoding = 4; lastKnownFileType = sourcecode.c.objc; path = "NSString+EPPZReachability.m"; sourceTree = "<group>"; };
		AE9C411A1794A4D600090A82 /* EPPZUserDefaults.h */ = {isa = PBXFileReference; fileEncoding = 4; lastKnownFileType = sourcecode.c.h; path = EPPZUserDefaults.h; sourceTree = "<group>"; };
		AE9C411B1794A4D600090A82 /* EPPZUserDefaults.m */ = {isa = PBXFileReference; fileEncoding = 4; lastKnownFileType = sourcecode.c.objc; path = EPPZUserDefaults.m; sourceTree = "<group>"; };
		AE9C41411794CA4A00090A82 /* EPPZFlatButton.h */ = {isa = PBXFileReference; fileEncoding = 4; lastKnownFileType = sourcecode.c.h; path = EPPZFlatButton.h; sourceTree = "<group>"; };
		AE9C41421794CA4A00090A82 /* EPPZFlatButton.m */ = {isa = PBXFileReference; fileEncoding = 4; lastKnownFileType = sourcecode.c.objc; path = EPPZFlatButton.m; sourceTree = "<group>"; };
		AE9E939C1890939700968317 /* UIColor+EPPZKit.m */ = {isa = PBXFileReference; fileEncoding = 4; lastKnownFileType = sourcecode.c.objc; path = "UIColor+EPPZKit.m"; sourceTree = "<group>"; };
		AE9FCBD717CEB5CC004C57CD /* EPPZTools.m */ = {isa = PBXFileReference; fileEncoding = 4; lastKnownFileType = sourcecode.c.objc; path = EPPZTools.m; sourceTree = "<group>"; };
		AEA0B27D179DF68200439EB0 /* EPPZPagingScrollViewController.h */ = {isa = PBXFileReference; fileEncoding = 4; lastKnownFileType = sourcecode.c.h; path = EPPZPagingScrollViewController.h; sourceTree = "<group>"; };
		AEA0B27E179DF68200439EB0 /* EPPZPagingScrollViewController.m */ = {isa = PBXFileReference; fileEncoding = 4; lastKnownFileType = sourcecode.c.objc; path = EPPZPagingScrollViewController.m; sourceTree = "<group>"; };
		AEBA294517C8339600C3DA9F /* EPPZAnalytics.h */ = {isa = PBXFileReference; fileEncoding = 4; lastKnownFileType = sourcecode.c.h; path = EPPZAnalytics.h; sourceTree = "<group>"; };
		AEBA294617C8339600C3DA9F /* EPPZAnalytics.m */ = {isa = PBXFileReference; fileEncoding = 4; lastKnownFileType = sourcecode.c.objc; path = EPPZAnalytics.m; sourceTree = "<group>"; };
		AEBA294717C8339600C3DA9F /* EPPZAnalyticsService.h */ = {isa = PBXFileReference; fileEncoding = 4; lastKnownFileType = sourcecode.c.h; path = EPPZAnalyticsService.h; sourceTree = "<group>"; };
		AEBA294817C8339600C3DA9F /* EPPZAnalyticsService.m */ = {isa = PBXFileReference; fileEncoding = 4; lastKnownFileType = sourcecode.c.objc; path = EPPZAnalyticsService.m; sourceTree = "<group>"; };
		AEBA294917C8339600C3DA9F /* EPPZAnalyticsTimer.h */ = {isa = PBXFileReference; fileEncoding = 4; lastKnownFileType = sourcecode.c.h; path = EPPZAnalyticsTimer.h; sourceTree = "<group>"; };
		AEBA294A17C8339600C3DA9F /* EPPZAnalyticsTimer.m */ = {isa = PBXFileReference; fileEncoding = 4; lastKnownFileType = sourcecode.c.objc; path = EPPZAnalyticsTimer.m; sourceTree = "<group>"; };
		AEBA294B17C8339600C3DA9F /* EPPZGoogleAnalyticsService.h */ = {isa = PBXFileReference; fileEncoding = 4; lastKnownFileType = sourcecode.c.h; path = EPPZGoogleAnalyticsService.h; sourceTree = "<group>"; };
		AEBA294C17C8339600C3DA9F /* EPPZGoogleAnalyticsService.m */ = {isa = PBXFileReference; fileEncoding = 4; lastKnownFileType = sourcecode.c.objc; path = EPPZGoogleAnalyticsService.m; sourceTree = "<group>"; };
		AEBA294D17C8339600C3DA9F /* GAI.h */ = {isa = PBXFileReference; fileEncoding = 4; lastKnownFileType = sourcecode.c.h; path = GAI.h; sourceTree = "<group>"; };
		AEBA294E17C8339600C3DA9F /* GAITrackedViewController.h */ = {isa = PBXFileReference; fileEncoding = 4; lastKnownFileType = sourcecode.c.h; path = GAITrackedViewController.h; sourceTree = "<group>"; };
		AEBA294F17C8339600C3DA9F /* GAITracker.h */ = {isa = PBXFileReference; fileEncoding = 4; lastKnownFileType = sourcecode.c.h; path = GAITracker.h; sourceTree = "<group>"; };
		AEBA295217C8339600C3DA9F /* libGoogleAnalytics_debug.a */ = {isa = PBXFileReference; lastKnownFileType = archive.ar; path = libGoogleAnalytics_debug.a; sourceTree = "<group>"; };
		AEBA296617C85AB000C3DA9F /* iOS device model identifiers.xlsx */ = {isa = PBXFileReference; lastKnownFileType = file; path = "iOS device model identifiers.xlsx"; sourceTree = "<group>"; };
		AEBA296917C85D0B00C3DA9F /* CoreData.framework */ = {isa = PBXFileReference; lastKnownFileType = wrapper.framework; name = CoreData.framework; path = System/Library/Frameworks/CoreData.framework; sourceTree = SDKROOT; };
		AEBD4713188DF74400BAD7A8 /* NSArray+EPPZKit.m */ = {isa = PBXFileReference; fileEncoding = 4; lastKnownFileType = sourcecode.c.objc; path = "NSArray+EPPZKit.m"; sourceTree = "<group>"; };
		AEBD4716188DF77000BAD7A8 /* TTools.h */ = {isa = PBXFileReference; fileEncoding = 4; lastKnownFileType = sourcecode.c.h; path = TTools.h; sourceTree = "<group>"; };
		AEBD4717188DF77000BAD7A8 /* TTools.m */ = {isa = PBXFileReference; fileEncoding = 4; lastKnownFileType = sourcecode.c.objc; path = TTools.m; sourceTree = "<group>"; };
		AEBD471A188DFDFF00BAD7A8 /* .travis.yml */ = {isa = PBXFileReference; fileEncoding = 4; lastKnownFileType = text; name = .travis.yml; path = ../.travis.yml; sourceTree = "<group>"; };
		AEBD4720188E018800BAD7A8 /* .gitignore */ = {isa = PBXFileReference; fileEncoding = 4; lastKnownFileType = text; path = .gitignore; sourceTree = SOURCE_ROOT; };
		AEBD4722188E029400BAD7A8 /* NSDictionary+EPPZKit.m */ = {isa = PBXFileReference; fileEncoding = 4; lastKnownFileType = sourcecode.c.objc; path = "NSDictionary+EPPZKit.m"; sourceTree = "<group>"; };
		AEBD4725188E03DA00BAD7A8 /* EPPZBoolTools.m */ = {isa = PBXFileReference; fileEncoding = 4; lastKnownFileType = sourcecode.c.objc; path = EPPZBoolTools.m; sourceTree = "<group>"; };
		AEC4FDA517CC690A0092F28C /* GAIDictionaryBuilder.h */ = {isa = PBXFileReference; fileEncoding = 4; lastKnownFileType = sourcecode.c.h; path = GAIDictionaryBuilder.h; sourceTree = "<group>"; };
		AEC4FDA617CC690A0092F28C /* GAIFields.h */ = {isa = PBXFileReference; fileEncoding = 4; lastKnownFileType = sourcecode.c.h; path = GAIFields.h; sourceTree = "<group>"; };
		AEC4FDA717CC690A0092F28C /* GAILogger.h */ = {isa = PBXFileReference; fileEncoding = 4; lastKnownFileType = sourcecode.c.h; path = GAILogger.h; sourceTree = "<group>"; };
		AEC4FDA817CC69720092F28C /* libGoogleAnalyticsServices.a */ = {isa = PBXFileReference; lastKnownFileType = archive.ar; path = libGoogleAnalyticsServices.a; sourceTree = "<group>"; };
		AEC4FDBF17CC90D00092F28C /* Analytics build settings.png */ = {isa = PBXFileReference; lastKnownFileType = image.png; path = "Analytics build settings.png"; sourceTree = "<group>"; };
		AEC6888A17B313C000F2206F /* EPPZLabel.h */ = {isa = PBXFileReference; fileEncoding = 4; lastKnownFileType = sourcecode.c.h; path = EPPZLabel.h; sourceTree = "<group>"; };
		AEC6888B17B313C000F2206F /* EPPZLabel.m */ = {isa = PBXFileReference; fileEncoding = 4; lastKnownFileType = sourcecode.c.objc; path = EPPZLabel.m; sourceTree = "<group>"; };
		AECCD94B17A5D80E001CAAFD /* NSDate+EPPZKit.h */ = {isa = PBXFileReference; fileEncoding = 4; lastKnownFileType = sourcecode.c.h; path = "NSDate+EPPZKit.h"; sourceTree = "<group>"; };
		AECCD94C17A5D80E001CAAFD /* NSDate+EPPZKit.m */ = {isa = PBXFileReference; fileEncoding = 4; lastKnownFileType = sourcecode.c.objc; path = "NSDate+EPPZKit.m"; sourceTree = "<group>"; };
		AECCD95017A5DE4C001CAAFD /* StoreKit.framework */ = {isa = PBXFileReference; lastKnownFileType = wrapper.framework; name = StoreKit.framework; path = System/Library/Frameworks/StoreKit.framework; sourceTree = SDKROOT; };
		AECCD95117A5DE4C001CAAFD /* SystemConfiguration.framework */ = {isa = PBXFileReference; lastKnownFileType = wrapper.framework; name = SystemConfiguration.framework; path = System/Library/Frameworks/SystemConfiguration.framework; sourceTree = SDKROOT; };
		AECDE7961842F3A6004C5ACF /* UIColor+EPPZKit.h */ = {isa = PBXFileReference; fileEncoding = 4; lastKnownFileType = sourcecode.c.h; path = "UIColor+EPPZKit.h"; sourceTree = "<group>"; };
		AECDE7971842F3A6004C5ACF /* UIColor+EPPZKit.m */ = {isa = PBXFileReference; fileEncoding = 4; lastKnownFileType = sourcecode.c.objc; path = "UIColor+EPPZKit.m"; sourceTree = "<group>"; };
		AECECBEB18428C0F0062250B /* EPPZRandom.h */ = {isa = PBXFileReference; fileEncoding = 4; lastKnownFileType = sourcecode.c.h; path = EPPZRandom.h; sourceTree = "<group>"; };
		AECECBEC18428C0F0062250B /* EPPZRandom.m */ = {isa = PBXFileReference; fileEncoding = 4; lastKnownFileType = sourcecode.c.objc; path = EPPZRandom.m; sourceTree = "<group>"; };
		AED43C9E182C7EB300E05FA6 /* TBGeometryLinesViewController.h */ = {isa = PBXFileReference; fileEncoding = 4; lastKnownFileType = sourcecode.c.h; path = TBGeometryLinesViewController.h; sourceTree = "<group>"; };
		AED43C9F182C7EB300E05FA6 /* TBGeometryLinesViewController.m */ = {isa = PBXFileReference; fileEncoding = 4; lastKnownFileType = sourcecode.c.objc; path = TBGeometryLinesViewController.m; sourceTree = "<group>"; };
		AED43CA0182C7EB300E05FA6 /* TBGeometryLinesViewController.xib */ = {isa = PBXFileReference; fileEncoding = 4; lastKnownFileType = file.xib; path = TBGeometryLinesViewController.xib; sourceTree = "<group>"; };
		AED43CA5182C7EEF00E05FA6 /* TBMenuViewController.h */ = {isa = PBXFileReference; fileEncoding = 4; lastKnownFileType = sourcecode.c.h; path = TBMenuViewController.h; sourceTree = "<group>"; };
		AED43CA6182C7EEF00E05FA6 /* TBMenuViewController.m */ = {isa = PBXFileReference; fileEncoding = 4; lastKnownFileType = sourcecode.c.objc; path = TBMenuViewController.m; sourceTree = "<group>"; };
		AED43CA7182C7EEF00E05FA6 /* TBMenuViewController.xib */ = {isa = PBXFileReference; fileEncoding = 4; lastKnownFileType = file.xib; path = TBMenuViewController.xib; sourceTree = "<group>"; };
		AED43CAB182C7F6000E05FA6 /* TBButton.h */ = {isa = PBXFileReference; fileEncoding = 4; lastKnownFileType = sourcecode.c.h; path = TBButton.h; sourceTree = "<group>"; };
		AED43CAC182C7F6000E05FA6 /* TBButton.m */ = {isa = PBXFileReference; fileEncoding = 4; lastKnownFileType = sourcecode.c.objc; path = TBButton.m; sourceTree = "<group>"; };
		AED43CAF182C84D000E05FA6 /* TBGeometryLinesView.h */ = {isa = PBXFileReference; fileEncoding = 4; lastKnownFileType = sourcecode.c.h; path = TBGeometryLinesView.h; sourceTree = "<group>"; };
		AED43CB0182C84D000E05FA6 /* TBGeometryLinesView.m */ = {isa = PBXFileReference; fileEncoding = 4; lastKnownFileType = sourcecode.c.objc; path = TBGeometryLinesView.m; sourceTree = "<group>"; };
		AED953151798B9B50000A0B6 /* EPPZAppStoreCallbacks.h */ = {isa = PBXFileReference; fileEncoding = 4; lastKnownFileType = sourcecode.c.h; path = EPPZAppStoreCallbacks.h; sourceTree = "<group>"; };
		AED953161798B9B50000A0B6 /* EPPZAppStoreCallbacks.m */ = {isa = PBXFileReference; fileEncoding = 4; lastKnownFileType = sourcecode.c.objc; path = EPPZAppStoreCallbacks.m; sourceTree = "<group>"; };
		AEEBDE7C18008C72001A3255 /* NSArray+EPPZKit.h */ = {isa = PBXFileReference; fileEncoding = 4; lastKnownFileType = sourcecode.c.h; path = "NSArray+EPPZKit.h"; sourceTree = "<group>"; };
		AEEBDE7D18008C72001A3255 /* NSArray+EPPZKit.m */ = {isa = PBXFileReference; fileEncoding = 4; lastKnownFileType = sourcecode.c.objc; path = "NSArray+EPPZKit.m"; sourceTree = "<group>"; };
		AEF1C566188DECA100068D4D /* EPPZColorThemeTestbed.h */ = {isa = PBXFileReference; fileEncoding = 4; lastKnownFileType = sourcecode.c.h; path = EPPZColorThemeTestbed.h; sourceTree = "<group>"; };
		AEF1C567188DECA100068D4D /* EPPZColorThemeTestbed.m */ = {isa = PBXFileReference; fileEncoding = 4; lastKnownFileType = sourcecode.c.objc; path = EPPZColorThemeTestbed.m; sourceTree = "<group>"; };
		AEF1C570188DEF4500068D4D /* XCTest.framework */ = {isa = PBXFileReference; lastKnownFileType = wrapper.framework; name = XCTest.framework; path = Library/Frameworks/XCTest.framework; sourceTree = DEVELOPER_DIR; };
		AEF1C58A188DF29200068D4D /* eppz!kit!tests.xctest */ = {isa = PBXFileReference; explicitFileType = wrapper.cfbundle; includeInIndex = 0; path = "eppz!kit!tests.xctest"; sourceTree = BUILT_PRODUCTS_DIR; };
		AEF1C590188DF29200068D4D /* eppz!kit!tests-Info.plist */ = {isa = PBXFileReference; lastKnownFileType = text.plist.xml; path = "eppz!kit!tests-Info.plist"; sourceTree = "<group>"; };
		AEF1C592188DF29200068D4D /* en */ = {isa = PBXFileReference; lastKnownFileType = text.plist.strings; name = en; path = en.lproj/InfoPlist.strings; sourceTree = "<group>"; };
		AEF1C596188DF29200068D4D /* eppz!kit!tests-Prefix.pch */ = {isa = PBXFileReference; lastKnownFileType = sourcecode.c.h; path = "eppz!kit!tests-Prefix.pch"; sourceTree = "<group>"; };
		AEFC653617B81865004B5214 /* EPPZTimer.h */ = {isa = PBXFileReference; fileEncoding = 4; lastKnownFileType = sourcecode.c.h; path = EPPZTimer.h; sourceTree = "<group>"; };
		AEFC653717B81865004B5214 /* EPPZTimer.m */ = {isa = PBXFileReference; fileEncoding = 4; lastKnownFileType = sourcecode.c.objc; path = EPPZTimer.m; sourceTree = "<group>"; };
		D804A39C18919D8F00082290 /* EPPZRepresentableInspectorViewController.h */ = {isa = PBXFileReference; fileEncoding = 4; lastKnownFileType = sourcecode.c.h; path = EPPZRepresentableInspectorViewController.h; sourceTree = "<group>"; };
		D804A39D18919D8F00082290 /* EPPZRepresentableInspectorViewController.m */ = {isa = PBXFileReference; fileEncoding = 4; lastKnownFileType = sourcecode.c.objc; path = EPPZRepresentableInspectorViewController.m; sourceTree = "<group>"; };
		D81E3DBB17CCEC1A00B2C7A4 /* AdSupport.framework */ = {isa = PBXFileReference; lastKnownFileType = wrapper.framework; name = AdSupport.framework; path = System/Library/Frameworks/AdSupport.framework; sourceTree = SDKROOT; };
		D81E3DBD17CCEC1F00B2C7A4 /* libz.dylib */ = {isa = PBXFileReference; lastKnownFileType = "compiled.mach-o.dylib"; name = libz.dylib; path = usr/lib/libz.dylib; sourceTree = SDKROOT; };
		D81E3DC017CD00AF00B2C7A4 /* UIColor+EPPZRepresenter.h */ = {isa = PBXFileReference; fileEncoding = 4; lastKnownFileType = sourcecode.c.h; path = "UIColor+EPPZRepresenter.h"; sourceTree = "<group>"; };
		D81E3DC117CD00AF00B2C7A4 /* UIColor+EPPZRepresenter.m */ = {isa = PBXFileReference; fileEncoding = 4; lastKnownFileType = sourcecode.c.objc; path = "UIColor+EPPZRepresenter.m"; sourceTree = "<group>"; };
		D822ACA717C671200076DE10 /* NSObject+EPPZRepresentable_Plist.h */ = {isa = PBXFileReference; fileEncoding = 4; lastKnownFileType = sourcecode.c.h; path = "NSObject+EPPZRepresentable_Plist.h"; sourceTree = "<group>"; };
		D822ACA817C671200076DE10 /* NSObject+EPPZRepresentable_Plist.m */ = {isa = PBXFileReference; fileEncoding = 4; lastKnownFileType = sourcecode.c.objc; path = "NSObject+EPPZRepresentable_Plist.m"; sourceTree = "<group>"; };
		D822ACAB17C67D5E0076DE10 /* user.plist */ = {isa = PBXFileReference; fileEncoding = 4; lastKnownFileType = text.plist.xml; path = user.plist; sourceTree = "<group>"; };
		D825700118203BD2008A40C9 /* EPPZGeometry.h */ = {isa = PBXFileReference; fileEncoding = 4; lastKnownFileType = sourcecode.c.h; path = EPPZGeometry.h; sourceTree = "<group>"; };
		D825700218203BD2008A40C9 /* EPPZGeometry.m */ = {isa = PBXFileReference; fileEncoding = 4; lastKnownFileType = sourcecode.c.objc; path = EPPZGeometry.m; sourceTree = "<group>"; };
		D8302F5D17BB965800472478 /* EPPZTagFinder.h */ = {isa = PBXFileReference; fileEncoding = 4; lastKnownFileType = sourcecode.c.h; path = EPPZTagFinder.h; sourceTree = "<group>"; };
		D8302F5E17BB965800472478 /* EPPZTagFinder.m */ = {isa = PBXFileReference; fileEncoding = 4; lastKnownFileType = sourcecode.c.objc; path = EPPZTagFinder.m; sourceTree = "<group>"; };
		D8302F6217BB98F100472478 /* CoreText.framework */ = {isa = PBXFileReference; lastKnownFileType = wrapper.framework; name = CoreText.framework; path = System/Library/Frameworks/CoreText.framework; sourceTree = SDKROOT; };
		D8302F6417BB990F00472478 /* QuartzCore.framework */ = {isa = PBXFileReference; lastKnownFileType = wrapper.framework; name = QuartzCore.framework; path = System/Library/Frameworks/QuartzCore.framework; sourceTree = SDKROOT; };
		D8302F8A17BBF15700472478 /* EPPZGestureRecognizer.h */ = {isa = PBXFileReference; fileEncoding = 4; lastKnownFileType = sourcecode.c.h; path = EPPZGestureRecognizer.h; sourceTree = "<group>"; };
		D8302F8B17BBF15700472478 /* EPPZGestureRecognizer.m */ = {isa = PBXFileReference; fileEncoding = 4; lastKnownFileType = sourcecode.c.objc; path = EPPZGestureRecognizer.m; sourceTree = "<group>"; };
		D84229B81821893500B15EC8 /* EPPZDiatonicScale.h */ = {isa = PBXFileReference; fileEncoding = 4; lastKnownFileType = sourcecode.c.h; path = EPPZDiatonicScale.h; sourceTree = "<group>"; };
		D84229B91821893500B15EC8 /* EPPZDiatonicScale.m */ = {isa = PBXFileReference; fileEncoding = 4; lastKnownFileType = sourcecode.c.objc; path = EPPZDiatonicScale.m; sourceTree = "<group>"; };
		D871FC8617C777F40085899F /* EPPZTools.h */ = {isa = PBXFileReference; fileEncoding = 4; lastKnownFileType = sourcecode.c.h; path = EPPZTools.h; sourceTree = "<group>"; };
		D880A8B0188DA4170037A000 /* NSDictionary+EPPZKit.h */ = {isa = PBXFileReference; fileEncoding = 4; lastKnownFileType = sourcecode.c.h; path = "NSDictionary+EPPZKit.h"; sourceTree = "<group>"; };
		D880A8B1188DA4170037A000 /* NSDictionary+EPPZKit.m */ = {isa = PBXFileReference; fileEncoding = 4; lastKnownFileType = sourcecode.c.objc; path = "NSDictionary+EPPZKit.m"; sourceTree = "<group>"; };
		D889D821188FE6DD00D8B6CC /* NSString+EPPZKit.m */ = {isa = PBXFileReference; fileEncoding = 4; lastKnownFileType = sourcecode.c.objc; path = "NSString+EPPZKit.m"; sourceTree = "<group>"; };
		D8AD5DAA17BD0B84004BD9AF /* EPPZDevice.h */ = {isa = PBXFileReference; fileEncoding = 4; lastKnownFileType = sourcecode.c.h; path = EPPZDevice.h; sourceTree = "<group>"; };
		D8AD5DAB17BD0B84004BD9AF /* EPPZDevice.m */ = {isa = PBXFileReference; fileEncoding = 4; lastKnownFileType = sourcecode.c.objc; path = EPPZDevice.m; sourceTree = "<group>"; };
		D8AD5DAE17BD22BB004BD9AF /* NSObject+EPPZRepresentable.h */ = {isa = PBXFileReference; fileEncoding = 4; lastKnownFileType = sourcecode.c.h; path = "NSObject+EPPZRepresentable.h"; sourceTree = "<group>"; };
		D8AD5DAF17BD22BB004BD9AF /* NSObject+EPPZRepresentable.m */ = {isa = PBXFileReference; fileEncoding = 4; lastKnownFileType = sourcecode.c.objc; path = "NSObject+EPPZRepresentable.m"; sourceTree = "<group>"; };
		D8AD5DB617BD2711004BD9AF /* TBEntity.h */ = {isa = PBXFileReference; fileEncoding = 4; lastKnownFileType = sourcecode.c.h; path = TBEntity.h; sourceTree = "<group>"; };
		D8AD5DB717BD2711004BD9AF /* TBEntity.m */ = {isa = PBXFileReference; fileEncoding = 4; lastKnownFileType = sourcecode.c.objc; path = TBEntity.m; sourceTree = "<group>"; };
		D8AD5DB917BD28C7004BD9AF /* TBUser.h */ = {isa = PBXFileReference; fileEncoding = 4; lastKnownFileType = sourcecode.c.h; path = TBUser.h; sourceTree = "<group>"; };
		D8AD5DBA17BD28C7004BD9AF /* TBUser.m */ = {isa = PBXFileReference; fileEncoding = 4; lastKnownFileType = sourcecode.c.objc; path = TBUser.m; sourceTree = "<group>"; };
		D8AD5DBE17BD2F3C004BD9AF /* EPPZRepresentable.rtf */ = {isa = PBXFileReference; fileEncoding = 4; lastKnownFileType = text.rtf; path = EPPZRepresentable.rtf; sourceTree = "<group>"; };
		D8AD5DBF17BD30CD004BD9AF /* TBGameUser.h */ = {isa = PBXFileReference; fileEncoding = 4; lastKnownFileType = sourcecode.c.h; path = TBGameUser.h; sourceTree = "<group>"; };
		D8AD5DC017BD30CD004BD9AF /* TBGameUser.m */ = {isa = PBXFileReference; fileEncoding = 4; lastKnownFileType = sourcecode.c.objc; path = TBGameUser.m; sourceTree = "<group>"; };
		D8AD5DC317BD3894004BD9AF /* TBGameProgress.h */ = {isa = PBXFileReference; fileEncoding = 4; lastKnownFileType = sourcecode.c.h; path = TBGameProgress.h; sourceTree = "<group>"; };
		D8AD5DC417BD3895004BD9AF /* TBGameProgress.m */ = {isa = PBXFileReference; fileEncoding = 4; lastKnownFileType = sourcecode.c.objc; path = TBGameProgress.m; sourceTree = "<group>"; };
		D8B1BC1917C7A17F0071763B /* UIView+EPPZRepresentable.h */ = {isa = PBXFileReference; fileEncoding = 4; lastKnownFileType = sourcecode.c.h; path = "UIView+EPPZRepresentable.h"; sourceTree = "<group>"; };
		D8B1BC1A17C7A17F0071763B /* UIView+EPPZRepresentable.m */ = {isa = PBXFileReference; fileEncoding = 4; lastKnownFileType = sourcecode.c.objc; path = "UIView+EPPZRepresentable.m"; sourceTree = "<group>"; };
		D8B1BC1C17C7BE030071763B /* EPPZRepresenter.h */ = {isa = PBXFileReference; fileEncoding = 4; lastKnownFileType = sourcecode.c.h; path = EPPZRepresenter.h; sourceTree = "<group>"; };
		D8B1BC1D17C7BE030071763B /* EPPZRepresenter.m */ = {isa = PBXFileReference; fileEncoding = 4; lastKnownFileType = sourcecode.c.objc; path = EPPZRepresenter.m; sourceTree = "<group>"; };
		D8BD6A7817CE48E1007640CE /* NSObject+EPPZRepresentable_Archive.h */ = {isa = PBXFileReference; fileEncoding = 4; lastKnownFileType = sourcecode.c.h; path = "NSObject+EPPZRepresentable_Archive.h"; sourceTree = "<group>"; };
		D8BD6A7917CE48E1007640CE /* NSObject+EPPZRepresentable_Archive.m */ = {isa = PBXFileReference; fileEncoding = 4; lastKnownFileType = sourcecode.c.objc; path = "NSObject+EPPZRepresentable_Archive.m"; sourceTree = "<group>"; };
		D8EDD5C718914AFA003820FC /* EPPZBinding.h */ = {isa = PBXFileReference; fileEncoding = 4; lastKnownFileType = sourcecode.c.h; path = EPPZBinding.h; sourceTree = "<group>"; };
		D8EDD5C818914AFA003820FC /* EPPZBinding.m */ = {isa = PBXFileReference; fileEncoding = 4; lastKnownFileType = sourcecode.c.objc; path = EPPZBinding.m; sourceTree = "<group>"; };
		D8EDD5CA18914B03003820FC /* EPPZBinding.m */ = {isa = PBXFileReference; fileEncoding = 4; lastKnownFileType = sourcecode.c.objc; path = EPPZBinding.m; sourceTree = "<group>"; };
/* End PBXFileReference section */

/* Begin PBXFrameworksBuildPhase section */
		AE922F75179381270088E5E5 /* Frameworks */ = {
			isa = PBXFrameworksBuildPhase;
			buildActionMask = 2147483647;
			files = (
				AE922F79179381280088E5E5 /* Foundation.framework in Frameworks */,
				AECCD95217A5DE4C001CAAFD /* StoreKit.framework in Frameworks */,
				AECCD95317A5DE4C001CAAFD /* SystemConfiguration.framework in Frameworks */,
				AEBA295817C8339600C3DA9F /* libGoogleAnalytics_debug.a in Frameworks */,
				AEC4FDA917CC69720092F28C /* libGoogleAnalyticsServices.a in Frameworks */,
			);
			runOnlyForDeploymentPostprocessing = 0;
		};
		AE922F9E1793852F0088E5E5 /* Frameworks */ = {
			isa = PBXFrameworksBuildPhase;
			buildActionMask = 2147483647;
			files = (
				D81E3DBE17CCEC1F00B2C7A4 /* libz.dylib in Frameworks */,
				D81E3DBC17CCEC1A00B2C7A4 /* AdSupport.framework in Frameworks */,
				AEBA296A17C85D0B00C3DA9F /* CoreData.framework in Frameworks */,
				D8302F6717BBA5C500472478 /* QuartzCore.framework in Frameworks */,
				D8302F6617BBA5BD00472478 /* CoreText.framework in Frameworks */,
				AECCD95417A5DE90001CAAFD /* StoreKit.framework in Frameworks */,
				AECCD95517A5DE90001CAAFD /* SystemConfiguration.framework in Frameworks */,
				AE922FA21793852F0088E5E5 /* UIKit.framework in Frameworks */,
				AE922FA31793852F0088E5E5 /* Foundation.framework in Frameworks */,
				AE922FA41793852F0088E5E5 /* CoreGraphics.framework in Frameworks */,
				AE922FC5179389D30088E5E5 /* lib!eppz!kit.a in Frameworks */,
			);
			runOnlyForDeploymentPostprocessing = 0;
		};
		AEF1C587188DF29200068D4D /* Frameworks */ = {
			isa = PBXFrameworksBuildPhase;
			buildActionMask = 2147483647;
			files = (
				AEBD4712188DF36600BAD7A8 /* lib!eppz!kit.a in Frameworks */,
				AEF1C58B188DF29200068D4D /* XCTest.framework in Frameworks */,
				AEF1C58D188DF29200068D4D /* UIKit.framework in Frameworks */,
				AEF1C58C188DF29200068D4D /* Foundation.framework in Frameworks */,
			);
			runOnlyForDeploymentPostprocessing = 0;
		};
/* End PBXFrameworksBuildPhase section */

/* Begin PBXGroup section */
		AE00588317C740840061146F /* □ Bool tools ✔ */ = {
			isa = PBXGroup;
			children = (
				AE00588417C740990061146F /* EPPZBoolTools.h */,
				AE00588517C740990061146F /* EPPZBoolTools.m */,
			);
			name = "□ Bool tools ✔";
			sourceTree = "<group>";
		};
		AE05144717D1921C00F7FE5E /* □ Versions */ = {
			isa = PBXGroup;
			children = (
				AE05144817D1922D00F7FE5E /* EPPZVersions.h */,
				AE05144917D1922D00F7FE5E /* EPPZVersions.m */,
			);
			name = "□ Versions";
			sourceTree = "<group>";
		};
		AE17942C1891E78800954D38 /* Property cell */ = {
			isa = PBXGroup;
			children = (
				AE1794291891E4BA00954D38 /* EPPZRepresentablePropertyCell.h */,
				AE17942A1891E4BA00954D38 /* EPPZRepresentablePropertyCell.m */,
			);
			name = "Property cell";
			sourceTree = "<group>";
		};
		AE3511B41841883A00BCC751 /* □ UIImage+EPPZKit */ = {
			isa = PBXGroup;
			children = (
				AE3511B11841282700BCC751 /* UIImage+EPPZKit.h */,
				AE3511B21841282700BCC751 /* UIImage+EPPZKit.m */,
			);
			name = "□ UIImage+EPPZKit";
			sourceTree = "<group>";
		};
		AE3511BB1841AC4C00BCC751 /* □ Circle */ = {
			isa = PBXGroup;
			children = (
				AE3511B51841886000BCC751 /* UICircle.h */,
				AE3511B61841886000BCC751 /* UICircle.m */,
			);
			name = "□ Circle";
			sourceTree = "<group>";
		};
		AE6A81A7184413F3007DACC8 /* □ UIFont+EPPZKit */ = {
			isa = PBXGroup;
			children = (
				AE6A81A81844140A007DACC8 /* UIFont+EPPZKit.h */,
				AE6A81A91844140A007DACC8 /* UIFont+EPPZKit.m */,
			);
			name = "□ UIFont+EPPZKit";
			sourceTree = "<group>";
		};
		AE83531217963126005EE0DC /* □ App Store */ = {
			isa = PBXGroup;
			children = (
				AE8353131796317D005EE0DC /* EPPZAppStore.h */,
				AE8353141796317D005EE0DC /* EPPZAppStore.m */,
				AED953181798BF900000A0B6 /* Callbacks */,
				AE83532117963195005EE0DC /* Localized price */,
			);
			name = "□ App Store";
			sourceTree = "<group>";
		};
		AE83532117963195005EE0DC /* Localized price */ = {
			isa = PBXGroup;
			children = (
				AE8353191796317D005EE0DC /* SKProduct+LocalizedPrice.h */,
				AE83531A1796317D005EE0DC /* SKProduct+LocalizedPrice.m */,
				AE0F38B817A459C500552157 /* NSDecimalNumber+LocalizedPrice.h */,
				AE0F38B917A459C500552157 /* NSDecimalNumber+LocalizedPrice.m */,
			);
			name = "Localized price";
			sourceTree = "<group>";
		};
		AE89109017F1355D001CC4B5 /* Exceptions */ = {
			isa = PBXGroup;
			children = (
				AE89108D17F13472001CC4B5 /* EPPZRepresentableException.h */,
				AE89108E17F13472001CC4B5 /* EPPZRepresentableException.m */,
			);
			name = Exceptions;
			sourceTree = "<group>";
		};
		AE9206AF1891CE940072C02C /* Color theme */ = {
			isa = PBXGroup;
			children = (
				AEF1C566188DECA100068D4D /* EPPZColorThemeTestbed.h */,
				AEF1C567188DECA100068D4D /* EPPZColorThemeTestbed.m */,
			);
			name = "Color theme";
			sourceTree = "<group>";
		};
		AE9206B01891CEB50072C02C /* ❑ Model tools */ = {
			isa = PBXGroup;
			children = (
				AE9206B11891CED90072C02C /* □ Representable */,
			);
			name = "❑ Model tools";
			sourceTree = "<group>";
		};
		AE9206B11891CED90072C02C /* □ Representable */ = {
			isa = PBXGroup;
			children = (
				D8AD5DBC17BD292B004BD9AF /* Entity */,
				AE9206B21891CF070072C02C /* TBRepresentableViewController.h */,
				AE9206B31891CF070072C02C /* TBRepresentableViewController.m */,
				AE9206B51891CF1E0072C02C /* TBRepresentableViewController.xib */,
			);
			name = "□ Representable";
			sourceTree = "<group>";
		};
		AE922F3517937A1A0088E5E5 = {
			isa = PBXGroup;
			children = (
				AE922F7A179381280088E5E5 /* ❑ eppz!kit */,
				AE922FA51793852F0088E5E5 /*  ✔ eppz!kit!testbed */,
				AEF1C58E188DF29200068D4D /*  ✔ eppz!kit!tests */,
				AE922F4017937A1A0088E5E5 /* Frameworks */,
				AE922F3F17937A1A0088E5E5 /* Products */,
			);
			sourceTree = "<group>";
		};
		AE922F3F17937A1A0088E5E5 /* Products */ = {
			isa = PBXGroup;
			children = (
				AE922F78179381270088E5E5 /* lib!eppz!kit.a */,
				AE922FA11793852F0088E5E5 /* eppz!kit!testbed.app */,
				AEF1C58A188DF29200068D4D /* eppz!kit!tests.xctest */,
			);
			name = Products;
			sourceTree = "<group>";
		};
		AE922F4017937A1A0088E5E5 /* Frameworks */ = {
			isa = PBXGroup;
			children = (
				D81E3DBB17CCEC1A00B2C7A4 /* AdSupport.framework */,
				AEBA296917C85D0B00C3DA9F /* CoreData.framework */,
				D8302F6417BB990F00472478 /* QuartzCore.framework */,
				D8302F6217BB98F100472478 /* CoreText.framework */,
				AECCD95017A5DE4C001CAAFD /* StoreKit.framework */,
				AECCD95117A5DE4C001CAAFD /* SystemConfiguration.framework */,
				AE922F4117937A1A0088E5E5 /* UIKit.framework */,
				AE922F4317937A1A0088E5E5 /* Foundation.framework */,
				AE922F4517937A1A0088E5E5 /* CoreGraphics.framework */,
				D81E3DBD17CCEC1F00B2C7A4 /* libz.dylib */,
			);
			name = Frameworks;
			sourceTree = "<group>";
		};
		AE922F6717937B090088E5E5 /* □ File manager */ = {
			isa = PBXGroup;
			children = (
				AE922F6817937B2C0088E5E5 /* EPPZFileManager.h */,
				AE922F6917937B2C0088E5E5 /* EPPZFileManager.m */,
			);
			name = "□ File manager";
			sourceTree = "<group>";
		};
		AE922F6B17937B390088E5E5 /* □ Singleton (Non ARC) */ = {
			isa = PBXGroup;
			children = (
				AE922F6C17937B4D0088E5E5 /* EPPZSingleton.h */,
				AE922F6D17937B4D0088E5E5 /* EPPZSingleton.m */,
				AE922F6E17937B4D0088E5E5 /* EPPZSingletonSubclass.h */,
			);
			name = "□ Singleton (Non ARC)";
			sourceTree = "<group>";
		};
		AE922F7017937B530088E5E5 /* □ NSString+EPPZKit ✔ */ = {
			isa = PBXGroup;
			children = (
				AE922F7117937B6A0088E5E5 /* NSString+EPPZKit.h */,
				AE922F7217937B6A0088E5E5 /* NSString+EPPZKit.m */,
			);
			name = "□ NSString+EPPZKit ✔";
			sourceTree = "<group>";
		};
		AE922F7A179381280088E5E5 /* ❑ eppz!kit */ = {
			isa = PBXGroup;
			children = (
				AE922F841793817C0088E5E5 /* EPPZKit.h */,
				AE922FC3179385ED0088E5E5 /* README.md */,
				AEBD471A188DFDFF00BAD7A8 /* .travis.yml */,
				AEBD4720188E018800BAD7A8 /* .gitignore */,
				D8AD5DB217BD2314004BD9AF /* ❑ Base classes */,
				D8AD5DB317BD2328004BD9AF /* ❑ Wrappers */,
				D8AD5DB417BD233E004BD9AF /* ❑ Tools */,
				AE9C41401794CA3C00090A82 /* ❑ UIKit tools */,
				D8AD5DB117BD22C0004BD9AF /* ❑ Model tools */,
			);
			name = "❑ eppz!kit";
			path = "eppz!kit";
			sourceTree = "<group>";
		};
		AE922FA51793852F0088E5E5 /*  ✔ eppz!kit!testbed */ = {
			isa = PBXGroup;
			children = (
				D8AD5DB517BD26F8004BD9AF /* Model */,
				AE922FC617938A4F0088E5E5 /* eppz!kit */,
				AE922FAE1793852F0088E5E5 /* TBAppDelegate.h */,
				AE922FAF1793852F0088E5E5 /* TBAppDelegate.m */,
				AE9206AF1891CE940072C02C /* Color theme */,
				AED43CAA182C7EF300E05FA6 /* Menu */,
				AED43CB3182C8B7100E05FA6 /* ❑ Tools */,
				AE9206B01891CEB50072C02C /* ❑ Model tools */,
				AED43CB4182C8B8C00E05FA6 /* ❑ UIKit tools */,
				AE922FA61793852F0088E5E5 /* Supporting Files */,
			);
			name = " ✔ eppz!kit!testbed";
			path = "eppz!kit!testbed";
			sourceTree = "<group>";
		};
		AE922FA61793852F0088E5E5 /* Supporting Files */ = {
			isa = PBXGroup;
			children = (
				AE922FA71793852F0088E5E5 /* eppz!kit!testbed-Info.plist */,
				AE922FA81793852F0088E5E5 /* InfoPlist.strings */,
				AE922FAB1793852F0088E5E5 /* main.m */,
				AE922FAD1793852F0088E5E5 /* eppz!kit!testbed-Prefix.pch */,
				AE922FB1179385300088E5E5 /* _Default.png */,
				AE922FB3179385300088E5E5 /* _Default@2x.png */,
				AE922FB5179385300088E5E5 /* _Default-568h@2x.png */,
			);
			name = "Supporting Files";
			sourceTree = "<group>";
		};
		AE922FC617938A4F0088E5E5 /* eppz!kit */ = {
			isa = PBXGroup;
			children = (
				AE922FC4179389D30088E5E5 /* lib!eppz!kit.a */,
			);
			name = "eppz!kit";
			sourceTree = "<group>";
		};
		AE9C3D671797520600D01536 /* □ Nib owners */ = {
			isa = PBXGroup;
			children = (
				AE9C3D681797522100D01536 /* EPPZViewOwner.h */,
				AE9C3D691797522100D01536 /* EPPZViewOwner.m */,
			);
			name = "□ Nib owners";
			sourceTree = "<group>";
		};
		AE9C3D6B17975DAD00D01536 /* □ Alert */ = {
			isa = PBXGroup;
			children = (
				AE9C3D6C17975DB500D01536 /* EPPZAlert.h */,
				AE9C3D6D17975DB500D01536 /* EPPZAlert.m */,
				AE9C3D6E17975DB500D01536 /* EPPZAlert+Factory.h */,
				AE9C3D6F17975DB500D01536 /* EPPZAlert+Factory.m */,
			);
			name = "□ Alert";
			sourceTree = "<group>";
		};
		AE9C40B51794A09000090A82 /* □ Reachability */ = {
			isa = PBXGroup;
			children = (
				AE9C40B61794A0A700090A82 /* EPPZReachability.h */,
				AE9C40B71794A0A700090A82 /* EPPZReachability.m */,
				AE9C40BC1794A0CB00090A82 /* NSString+EPPZReachability */,
			);
			name = "□ Reachability";
			sourceTree = "<group>";
		};
		AE9C40BC1794A0CB00090A82 /* NSString+EPPZReachability */ = {
			isa = PBXGroup;
			children = (
				AE9C40B91794A0C800090A82 /* NSString+EPPZReachability.h */,
				AE9C40BA1794A0C800090A82 /* NSString+EPPZReachability.m */,
			);
			name = "NSString+EPPZReachability";
			sourceTree = "<group>";
		};
		AE9C41191794A4C800090A82 /* □ User defaults */ = {
			isa = PBXGroup;
			children = (
				AE9C411A1794A4D600090A82 /* EPPZUserDefaults.h */,
				AE9C411B1794A4D600090A82 /* EPPZUserDefaults.m */,
			);
			name = "□ User defaults";
			sourceTree = "<group>";
		};
		AE9C41401794CA3C00090A82 /* ❑ UIKit tools */ = {
			isa = PBXGroup;
			children = (
				AE9C3D671797520600D01536 /* □ Nib owners */,
				D8302F8917BBF14700472478 /* □ Gesture recognizer */,
				AE9C41441794CA6F00090A82 /* □ Flat button */,
				AE9C3D6B17975DAD00D01536 /* □ Alert */,
				AEA0B27C179DF66B00439EB0 /* □ Paging scroll view controller */,
				D8302F6017BB97E600472478 /* □ Label */,
				AE3511B41841883A00BCC751 /* □ UIImage+EPPZKit */,
				AE3511BB1841AC4C00BCC751 /* □ Circle */,
				AECDE7991842F3A9004C5ACF /* □ UIColor+EPPZKit  ✔ */,
				AE6A81A7184413F3007DACC8 /* □ UIFont+EPPZKit */,
			);
			name = "❑ UIKit tools";
			sourceTree = "<group>";
		};
		AE9C41441794CA6F00090A82 /* □ Flat button */ = {
			isa = PBXGroup;
			children = (
				AE9C41411794CA4A00090A82 /* EPPZFlatButton.h */,
				AE9C41421794CA4A00090A82 /* EPPZFlatButton.m */,
			);
			name = "□ Flat button";
			sourceTree = "<group>";
		};
		AEA0B27C179DF66B00439EB0 /* □ Paging scroll view controller */ = {
			isa = PBXGroup;
			children = (
				AEA0B27D179DF68200439EB0 /* EPPZPagingScrollViewController.h */,
				AEA0B27E179DF68200439EB0 /* EPPZPagingScrollViewController.m */,
			);
			name = "□ Paging scroll view controller";
			sourceTree = "<group>";
		};
		AEBA294417C8334B00C3DA9F /* □ Analytics */ = {
			isa = PBXGroup;
			children = (
				AEC4FDBF17CC90D00092F28C /* Analytics build settings.png */,
				AEBA294517C8339600C3DA9F /* EPPZAnalytics.h */,
				AEBA294617C8339600C3DA9F /* EPPZAnalytics.m */,
				AEBA295A17C833A200C3DA9F /* Analytics service */,
				AEBA295B17C833B200C3DA9F /* Analytics timer */,
			);
			name = "□ Analytics";
			sourceTree = "<group>";
		};
		AEBA295A17C833A200C3DA9F /* Analytics service */ = {
			isa = PBXGroup;
			children = (
				AEBA294717C8339600C3DA9F /* EPPZAnalyticsService.h */,
				AEBA294817C8339600C3DA9F /* EPPZAnalyticsService.m */,
				AEBA295C17C8340B00C3DA9F /* Google */,
			);
			name = "Analytics service";
			sourceTree = "<group>";
		};
		AEBA295B17C833B200C3DA9F /* Analytics timer */ = {
			isa = PBXGroup;
			children = (
				AEBA294917C8339600C3DA9F /* EPPZAnalyticsTimer.h */,
				AEBA294A17C8339600C3DA9F /* EPPZAnalyticsTimer.m */,
			);
			name = "Analytics timer";
			sourceTree = "<group>";
		};
		AEBA295C17C8340B00C3DA9F /* Google */ = {
			isa = PBXGroup;
			children = (
				AEBA294B17C8339600C3DA9F /* EPPZGoogleAnalyticsService.h */,
				AEBA294C17C8339600C3DA9F /* EPPZGoogleAnalyticsService.m */,
				AEBA295D17C8341100C3DA9F /* Google Analytics iOS SDK 3.03 */,
			);
			name = Google;
			sourceTree = "<group>";
		};
		AEBA295D17C8341100C3DA9F /* Google Analytics iOS SDK 3.03 */ = {
			isa = PBXGroup;
			children = (
				AEBA294D17C8339600C3DA9F /* GAI.h */,
				AEC4FDA517CC690A0092F28C /* GAIDictionaryBuilder.h */,
				AEC4FDA617CC690A0092F28C /* GAIFields.h */,
				AEC4FDA717CC690A0092F28C /* GAILogger.h */,
				AEBA294E17C8339600C3DA9F /* GAITrackedViewController.h */,
				AEBA294F17C8339600C3DA9F /* GAITracker.h */,
				AEBA295217C8339600C3DA9F /* libGoogleAnalytics_debug.a */,
				AEC4FDA817CC69720092F28C /* libGoogleAnalyticsServices.a */,
			);
			name = "Google Analytics iOS SDK 3.03";
			sourceTree = "<group>";
		};
		AEBD4715188DF75500BAD7A8 /* Test tools */ = {
			isa = PBXGroup;
			children = (
				AEBD4716188DF77000BAD7A8 /* TTools.h */,
				AEBD4717188DF77000BAD7A8 /* TTools.m */,
			);
			name = "Test tools";
			sourceTree = "<group>";
		};
		AEBD4724188E03AA00BAD7A8 /* ❑ Tools ✔ */ = {
			isa = PBXGroup;
			children = (
				AEBD4713188DF74400BAD7A8 /* NSArray+EPPZKit.m */,
				D8EDD5CA18914B03003820FC /* EPPZBinding.m */,
				AEBD4725188E03DA00BAD7A8 /* EPPZBoolTools.m */,
				AEBD4722188E029400BAD7A8 /* NSDictionary+EPPZKit.m */,
				D889D821188FE6DD00D8B6CC /* NSString+EPPZKit.m */,
				AE9E939C1890939700968317 /* UIColor+EPPZKit.m */,
			);
			name = "❑ Tools ✔";
			sourceTree = "<group>";
		};
		AECCD94717A5D7A5001CAAFD /* □ NSDate+EPPZKit ✔ */ = {
			isa = PBXGroup;
			children = (
				AECCD94B17A5D80E001CAAFD /* NSDate+EPPZKit.h */,
				AECCD94C17A5D80E001CAAFD /* NSDate+EPPZKit.m */,
			);
			name = "□ NSDate+EPPZKit ✔";
			sourceTree = "<group>";
		};
		AECDE7991842F3A9004C5ACF /* □ UIColor+EPPZKit  ✔ */ = {
			isa = PBXGroup;
			children = (
				AECDE7961842F3A6004C5ACF /* UIColor+EPPZKit.h */,
				AECDE7971842F3A6004C5ACF /* UIColor+EPPZKit.m */,
			);
			name = "□ UIColor+EPPZKit  ✔";
			sourceTree = "<group>";
		};
		AECECBEF18428C8B0062250B /* □ Random */ = {
			isa = PBXGroup;
			children = (
				AECECBEB18428C0F0062250B /* EPPZRandom.h */,
				AECECBEC18428C0F0062250B /* EPPZRandom.m */,
			);
			name = "□ Random";
			sourceTree = "<group>";
		};
		AED43CA3182C7EB700E05FA6 /* Lines */ = {
			isa = PBXGroup;
			children = (
				AED43C9E182C7EB300E05FA6 /* TBGeometryLinesViewController.h */,
				AED43C9F182C7EB300E05FA6 /* TBGeometryLinesViewController.m */,
				AED43CA0182C7EB300E05FA6 /* TBGeometryLinesViewController.xib */,
				AED43CAF182C84D000E05FA6 /* TBGeometryLinesView.h */,
				AED43CB0182C84D000E05FA6 /* TBGeometryLinesView.m */,
			);
			name = Lines;
			sourceTree = "<group>";
		};
		AED43CA4182C7EBD00E05FA6 /* □ Geometry */ = {
			isa = PBXGroup;
			children = (
				AED43CA3182C7EB700E05FA6 /* Lines */,
			);
			name = "□ Geometry";
			sourceTree = "<group>";
		};
		AED43CAA182C7EF300E05FA6 /* Menu */ = {
			isa = PBXGroup;
			children = (
				AED43CAE182C816300E05FA6 /* Button */,
				AED43CA5182C7EEF00E05FA6 /* TBMenuViewController.h */,
				AED43CA6182C7EEF00E05FA6 /* TBMenuViewController.m */,
				AED43CA7182C7EEF00E05FA6 /* TBMenuViewController.xib */,
			);
			name = Menu;
			sourceTree = "<group>";
		};
		AED43CAE182C816300E05FA6 /* Button */ = {
			isa = PBXGroup;
			children = (
				AED43CAB182C7F6000E05FA6 /* TBButton.h */,
				AED43CAC182C7F6000E05FA6 /* TBButton.m */,
			);
			name = Button;
			sourceTree = "<group>";
		};
		AED43CB2182C8B6100E05FA6 /* □ Label */ = {
			isa = PBXGroup;
			children = (
				AE922FB7179385300088E5E5 /* TBHtmlStringViewController.h */,
				AE922FB8179385300088E5E5 /* TBHtmlStringViewController.m */,
				AE922FBA179385300088E5E5 /* TBHtmlStringViewController.xib */,
			);
			name = "□ Label";
			sourceTree = "<group>";
		};
		AED43CB3182C8B7100E05FA6 /* ❑ Tools */ = {
			isa = PBXGroup;
			children = (
				AED43CA4182C7EBD00E05FA6 /* □ Geometry */,
			);
			name = "❑ Tools";
			sourceTree = "<group>";
		};
		AED43CB4182C8B8C00E05FA6 /* ❑ UIKit tools */ = {
			isa = PBXGroup;
			children = (
				AED43CB2182C8B6100E05FA6 /* □ Label */,
			);
			name = "❑ UIKit tools";
			sourceTree = "<group>";
		};
		AED953181798BF900000A0B6 /* Callbacks */ = {
			isa = PBXGroup;
			children = (
				AED953151798B9B50000A0B6 /* EPPZAppStoreCallbacks.h */,
				AED953161798B9B50000A0B6 /* EPPZAppStoreCallbacks.m */,
			);
			name = Callbacks;
			sourceTree = "<group>";
		};
		AEEBDE7F18008C75001A3255 /* □ NSArray+EPPZKit ✔ */ = {
			isa = PBXGroup;
			children = (
				AEEBDE7C18008C72001A3255 /* NSArray+EPPZKit.h */,
				AEEBDE7D18008C72001A3255 /* NSArray+EPPZKit.m */,
			);
			name = "□ NSArray+EPPZKit ✔";
			sourceTree = "<group>";
		};
		AEF1C58E188DF29200068D4D /*  ✔ eppz!kit!tests */ = {
			isa = PBXGroup;
			children = (
				AEBD4715188DF75500BAD7A8 /* Test tools */,
				AEBD4724188E03AA00BAD7A8 /* ❑ Tools ✔ */,
				AEF1C58F188DF29200068D4D /* Supporting Files */,
				D8795D3E18969455009C0D21 /* Frameworks */,
			);
			name = " ✔ eppz!kit!tests";
			path = "eppz!kit!tests";
			sourceTree = "<group>";
		};
		AEF1C58F188DF29200068D4D /* Supporting Files */ = {
			isa = PBXGroup;
			children = (
				AEF1C590188DF29200068D4D /* eppz!kit!tests-Info.plist */,
				AEF1C591188DF29200068D4D /* InfoPlist.strings */,
				AEF1C596188DF29200068D4D /* eppz!kit!tests-Prefix.pch */,
			);
			name = "Supporting Files";
			sourceTree = "<group>";
		};
		AEFC653917B82032004B5214 /* □ Timer */ = {
			isa = PBXGroup;
			children = (
				AEFC653617B81865004B5214 /* EPPZTimer.h */,
				AEFC653717B81865004B5214 /* EPPZTimer.m */,
			);
			name = "□ Timer";
			sourceTree = "<group>";
		};
		D804A39B18919D7A00082290 /* Inspector view */ = {
			isa = PBXGroup;
			children = (
				AE17942C1891E78800954D38 /* Property cell */,
				D804A39C18919D8F00082290 /* EPPZRepresentableInspectorViewController.h */,
				D804A39D18919D8F00082290 /* EPPZRepresentableInspectorViewController.m */,
			);
			name = "Inspector view";
			sourceTree = "<group>";
		};
		D81E3DBF17CD009900B2C7A4 /* UIColor */ = {
			isa = PBXGroup;
			children = (
				D81E3DC017CD00AF00B2C7A4 /* UIColor+EPPZRepresenter.h */,
				D81E3DC117CD00AF00B2C7A4 /* UIColor+EPPZRepresenter.m */,
			);
			name = UIColor;
			sourceTree = "<group>";
		};
		D81E3DC317CD052400B2C7A4 /* Representer */ = {
			isa = PBXGroup;
			children = (
				D8B1BC1C17C7BE030071763B /* EPPZRepresenter.h */,
				D8B1BC1D17C7BE030071763B /* EPPZRepresenter.m */,
				D81E3DBF17CD009900B2C7A4 /* UIColor */,
			);
			name = Representer;
			sourceTree = "<group>";
		};
		D81E3DC417CD058200B2C7A4 /* □ Representable */ = {
			isa = PBXGroup;
			children = (
				D804A39B18919D7A00082290 /* Inspector view */,
				D8AD5DBE17BD2F3C004BD9AF /* EPPZRepresentable.rtf */,
				D8AD5DAE17BD22BB004BD9AF /* NSObject+EPPZRepresentable.h */,
				D8AD5DAF17BD22BB004BD9AF /* NSObject+EPPZRepresentable.m */,
				AE89109017F1355D001CC4B5 /* Exceptions */,
				D81E3DC317CD052400B2C7A4 /* Representer */,
				D81E3DC517CD058D00B2C7A4 /* Representations (stores) */,
			);
			name = "□ Representable";
			sourceTree = "<group>";
		};
		D81E3DC517CD058D00B2C7A4 /* Representations (stores) */ = {
			isa = PBXGroup;
			children = (
				D81E3DC617CD05AD00B2C7A4 /* Plist */,
				D8BD6A7B17CE48E6007640CE /* Archive */,
			);
			name = "Representations (stores)";
			sourceTree = "<group>";
		};
		D81E3DC617CD05AD00B2C7A4 /* Plist */ = {
			isa = PBXGroup;
			children = (
				D822ACA717C671200076DE10 /* NSObject+EPPZRepresentable_Plist.h */,
				D822ACA817C671200076DE10 /* NSObject+EPPZRepresentable_Plist.m */,
			);
			name = Plist;
			sourceTree = "<group>";
		};
		D825700018203B93008A40C9 /* □ Geometry */ = {
			isa = PBXGroup;
			children = (
				D825700118203BD2008A40C9 /* EPPZGeometry.h */,
				D825700218203BD2008A40C9 /* EPPZGeometry.m */,
			);
			name = "□ Geometry";
			sourceTree = "<group>";
		};
		D8302F6017BB97E600472478 /* □ Label */ = {
			isa = PBXGroup;
			children = (
				D8302F6117BB97F100472478 /* Tag finder */,
				AEC6888A17B313C000F2206F /* EPPZLabel.h */,
				AEC6888B17B313C000F2206F /* EPPZLabel.m */,
			);
			name = "□ Label";
			sourceTree = "<group>";
		};
		D8302F6117BB97F100472478 /* Tag finder */ = {
			isa = PBXGroup;
			children = (
				D8302F5D17BB965800472478 /* EPPZTagFinder.h */,
				D8302F5E17BB965800472478 /* EPPZTagFinder.m */,
			);
			name = "Tag finder";
			sourceTree = "<group>";
		};
		D8302F8917BBF14700472478 /* □ Gesture recognizer */ = {
			isa = PBXGroup;
			children = (
				D8302F8A17BBF15700472478 /* EPPZGestureRecognizer.h */,
				D8302F8B17BBF15700472478 /* EPPZGestureRecognizer.m */,
			);
			name = "□ Gesture recognizer";
			sourceTree = "<group>";
		};
		D84229B71821891700B15EC8 /* □ Diatonic scale */ = {
			isa = PBXGroup;
			children = (
				D84229B81821893500B15EC8 /* EPPZDiatonicScale.h */,
				D84229B91821893500B15EC8 /* EPPZDiatonicScale.m */,
			);
			name = "□ Diatonic scale";
			sourceTree = "<group>";
		};
		D8795D3E18969455009C0D21 /* Frameworks */ = {
			isa = PBXGroup;
			children = (
				AEF1C570188DEF4500068D4D /* XCTest.framework */,
			);
			name = Frameworks;
			sourceTree = "<group>";
		};
		D880A8AF188DA3FA0037A000 /* □ NSDictionary+EPPZKit ✔ */ = {
			isa = PBXGroup;
			children = (
				D880A8B0188DA4170037A000 /* NSDictionary+EPPZKit.h */,
				D880A8B1188DA4170037A000 /* NSDictionary+EPPZKit.m */,
			);
			name = "□ NSDictionary+EPPZKit ✔";
			sourceTree = "<group>";
		};
		D880A8B3188DA6AA0037A000 /* □ Binding ✔ */ = {
			isa = PBXGroup;
			children = (
				D8EDD5C718914AFA003820FC /* EPPZBinding.h */,
				D8EDD5C818914AFA003820FC /* EPPZBinding.m */,
			);
			name = "□ Binding ✔";
			sourceTree = "<group>";
		};
		D8AD5DAD17BD0E01004BD9AF /* □ Device */ = {
			isa = PBXGroup;
			children = (
				AEBA296617C85AB000C3DA9F /* iOS device model identifiers.xlsx */,
				D8AD5DAA17BD0B84004BD9AF /* EPPZDevice.h */,
				D8AD5DAB17BD0B84004BD9AF /* EPPZDevice.m */,
			);
			name = "□ Device";
			sourceTree = "<group>";
		};
		D8AD5DB117BD22C0004BD9AF /* ❑ Model tools */ = {
			isa = PBXGroup;
			children = (
				D81E3DC417CD058200B2C7A4 /* □ Representable */,
				AE9C41191794A4C800090A82 /* □ User defaults */,
			);
			name = "❑ Model tools";
			sourceTree = "<group>";
		};
		D8AD5DB217BD2314004BD9AF /* ❑ Base classes */ = {
			isa = PBXGroup;
			children = (
				AE922F6B17937B390088E5E5 /* □ Singleton (Non ARC) */,
			);
			name = "❑ Base classes";
			sourceTree = "<group>";
		};
		D8AD5DB317BD2328004BD9AF /* ❑ Wrappers */ = {
			isa = PBXGroup;
			children = (
				AEBA294417C8334B00C3DA9F /* □ Analytics */,
				AE922F6717937B090088E5E5 /* □ File manager */,
				D8AD5DAD17BD0E01004BD9AF /* □ Device */,
				AE9C40B51794A09000090A82 /* □ Reachability */,
				AE83531217963126005EE0DC /* □ App Store */,
			);
			name = "❑ Wrappers";
			sourceTree = "<group>";
		};
		D8AD5DB417BD233E004BD9AF /* ❑ Tools */ = {
			isa = PBXGroup;
			children = (
				D871FC8617C777F40085899F /* EPPZTools.h */,
				AE9FCBD717CEB5CC004C57CD /* EPPZTools.m */,
				AEEBDE7F18008C75001A3255 /* □ NSArray+EPPZKit ✔ */,
				AE00588317C740840061146F /* □ Bool tools ✔ */,
				AECCD94717A5D7A5001CAAFD /* □ NSDate+EPPZKit ✔ */,
				AE922F7017937B530088E5E5 /* □ NSString+EPPZKit ✔ */,
				AEFC653917B82032004B5214 /* □ Timer */,
				AE05144717D1921C00F7FE5E /* □ Versions */,
				D825700018203B93008A40C9 /* □ Geometry */,
				D84229B71821891700B15EC8 /* □ Diatonic scale */,
				AECECBEF18428C8B0062250B /* □ Random */,
				D880A8AF188DA3FA0037A000 /* □ NSDictionary+EPPZKit ✔ */,
				D880A8B3188DA6AA0037A000 /* □ Binding ✔ */,
			);
			name = "❑ Tools";
			sourceTree = "<group>";
		};
		D8AD5DB517BD26F8004BD9AF /* Model */ = {
			isa = PBXGroup;
			children = (
			);
			name = Model;
			sourceTree = "<group>";
		};
		D8AD5DBC17BD292B004BD9AF /* Entity */ = {
			isa = PBXGroup;
			children = (
				D8AD5DB617BD2711004BD9AF /* TBEntity.h */,
				D8AD5DB717BD2711004BD9AF /* TBEntity.m */,
				D8AD5DBD17BD2932004BD9AF /* User */,
			);
			name = Entity;
			sourceTree = "<group>";
		};
		D8AD5DBD17BD2932004BD9AF /* User */ = {
			isa = PBXGroup;
			children = (
				D822ACAB17C67D5E0076DE10 /* user.plist */,
				D8AD5DB917BD28C7004BD9AF /* TBUser.h */,
				D8AD5DBA17BD28C7004BD9AF /* TBUser.m */,
				D8AD5DC217BD30D0004BD9AF /* Game user */,
			);
			name = User;
			sourceTree = "<group>";
		};
		D8AD5DC217BD30D0004BD9AF /* Game user */ = {
			isa = PBXGroup;
			children = (
				D8AD5DBF17BD30CD004BD9AF /* TBGameUser.h */,
				D8AD5DC017BD30CD004BD9AF /* TBGameUser.m */,
				D8AD5DC617BD3897004BD9AF /* Game progress */,
			);
			name = "Game user";
			sourceTree = "<group>";
		};
		D8AD5DC617BD3897004BD9AF /* Game progress */ = {
			isa = PBXGroup;
			children = (
				D8B1BC1917C7A17F0071763B /* UIView+EPPZRepresentable.h */,
				D8B1BC1A17C7A17F0071763B /* UIView+EPPZRepresentable.m */,
				D8AD5DC317BD3894004BD9AF /* TBGameProgress.h */,
				D8AD5DC417BD3895004BD9AF /* TBGameProgress.m */,
			);
			name = "Game progress";
			sourceTree = "<group>";
		};
		D8BD6A7B17CE48E6007640CE /* Archive */ = {
			isa = PBXGroup;
			children = (
				D8BD6A7817CE48E1007640CE /* NSObject+EPPZRepresentable_Archive.h */,
				D8BD6A7917CE48E1007640CE /* NSObject+EPPZRepresentable_Archive.m */,
			);
			name = Archive;
			sourceTree = "<group>";
		};
/* End PBXGroup section */

/* Begin PBXNativeTarget section */
		AE922F77179381270088E5E5 /* eppz!kit */ = {
			isa = PBXNativeTarget;
			buildConfigurationList = AE922F81179381280088E5E5 /* Build configuration list for PBXNativeTarget "eppz!kit" */;
			buildPhases = (
				AE922F74179381270088E5E5 /* Sources */,
				AE922F75179381270088E5E5 /* Frameworks */,
				AE922F76179381270088E5E5 /* CopyFiles */,
				AE922F8A179382050088E5E5 /* ShellScript */,
			);
			buildRules = (
			);
			dependencies = (
			);
			name = "eppz!kit";
			productName = "eppz!kit";
			productReference = AE922F78179381270088E5E5 /* lib!eppz!kit.a */;
			productType = "com.apple.product-type.library.static";
		};
		AE922FA01793852F0088E5E5 /* eppz!kit!testbed */ = {
			isa = PBXNativeTarget;
			buildConfigurationList = AE922FC2179385300088E5E5 /* Build configuration list for PBXNativeTarget "eppz!kit!testbed" */;
			buildPhases = (
				AE922F9D1793852F0088E5E5 /* Sources */,
				AE922F9E1793852F0088E5E5 /* Frameworks */,
				AE922F9F1793852F0088E5E5 /* Resources */,
			);
			buildRules = (
			);
			dependencies = (
				AEF1C59D188DF2D700068D4D /* PBXTargetDependency */,
			);
			name = "eppz!kit!testbed";
			productName = "eppz!kit!testbed";
			productReference = AE922FA11793852F0088E5E5 /* eppz!kit!testbed.app */;
			productType = "com.apple.product-type.application";
		};
		AEF1C589188DF29200068D4D /* eppz!kit!tests */ = {
			isa = PBXNativeTarget;
			buildConfigurationList = AEF1C599188DF29200068D4D /* Build configuration list for PBXNativeTarget "eppz!kit!tests" */;
			buildPhases = (
				AEF1C586188DF29200068D4D /* Sources */,
				AEF1C587188DF29200068D4D /* Frameworks */,
				AEF1C588188DF29200068D4D /* Resources */,
			);
			buildRules = (
			);
			dependencies = (
				AEBD4711188DF36000BAD7A8 /* PBXTargetDependency */,
				AEF1C598188DF29200068D4D /* PBXTargetDependency */,
			);
			name = "eppz!kit!tests";
			productName = "eppz!kit!tests";
			productReference = AEF1C58A188DF29200068D4D /* eppz!kit!tests.xctest */;
			productType = "com.apple.product-type.bundle.unit-test";
		};
/* End PBXNativeTarget section */

/* Begin PBXProject section */
		AE922F3617937A1A0088E5E5 /* Project object */ = {
			isa = PBXProject;
			attributes = {
				CLASSPREFIX = EPPZ;
				LastUpgradeCheck = 0500;
				ORGANIZATIONNAME = "eppz!";
				TargetAttributes = {
					AEF1C589188DF29200068D4D = {
						TestTargetID = AE922FA01793852F0088E5E5;
					};
				};
			};
			buildConfigurationList = AE922F3917937A1A0088E5E5 /* Build configuration list for PBXProject "eppz!kit" */;
			compatibilityVersion = "Xcode 3.2";
			developmentRegion = English;
			hasScannedForEncodings = 0;
			knownRegions = (
				en,
			);
			mainGroup = AE922F3517937A1A0088E5E5;
			productRefGroup = AE922F3F17937A1A0088E5E5 /* Products */;
			projectDirPath = "";
			projectRoot = "";
			targets = (
				AE922F77179381270088E5E5 /* eppz!kit */,
				AE922FA01793852F0088E5E5 /* eppz!kit!testbed */,
				AEF1C589188DF29200068D4D /* eppz!kit!tests */,
			);
		};
/* End PBXProject section */

/* Begin PBXResourcesBuildPhase section */
		AE922F9F1793852F0088E5E5 /* Resources */ = {
			isa = PBXResourcesBuildPhase;
			buildActionMask = 2147483647;
			files = (
				AE922FAA1793852F0088E5E5 /* InfoPlist.strings in Resources */,
				AE922FB2179385300088E5E5 /* _Default.png in Resources */,
				AED43CA9182C7EEF00E05FA6 /* TBMenuViewController.xib in Resources */,
				AED43CA2182C7EB300E05FA6 /* TBGeometryLinesViewController.xib in Resources */,
				AE922FB4179385300088E5E5 /* _Default@2x.png in Resources */,
				AE9206B61891CF1E0072C02C /* TBRepresentableViewController.xib in Resources */,
				AE922FB6179385300088E5E5 /* _Default-568h@2x.png in Resources */,
				AE922FBC179385300088E5E5 /* TBHtmlStringViewController.xib in Resources */,
				AEBD4721188E018800BAD7A8 /* .gitignore in Resources */,
				D822ACAC17C67D5E0076DE10 /* user.plist in Resources */,
			);
			runOnlyForDeploymentPostprocessing = 0;
		};
		AEF1C588188DF29200068D4D /* Resources */ = {
			isa = PBXResourcesBuildPhase;
			buildActionMask = 2147483647;
			files = (
				AEBD471B188DFDFF00BAD7A8 /* .travis.yml in Resources */,
				AEF1C593188DF29200068D4D /* InfoPlist.strings in Resources */,
			);
			runOnlyForDeploymentPostprocessing = 0;
		};
/* End PBXResourcesBuildPhase section */

/* Begin PBXShellScriptBuildPhase section */
		AE922F8A179382050088E5E5 /* ShellScript */ = {
			isa = PBXShellScriptBuildPhase;
			buildActionMask = 2147483647;
			files = (
			);
			inputPaths = (
			);
			outputPaths = (
			);
			runOnlyForDeploymentPostprocessing = 0;
			shellPath = /bin/sh;
			shellScript = "echo 'Copy built executable to source file root folder'\ncp $BUILT_PRODUCTS_DIR'/'$EXECUTABLE_NAME $SRCROOT";
		};
/* End PBXShellScriptBuildPhase section */

/* Begin PBXSourcesBuildPhase section */
		AE922F74179381270088E5E5 /* Sources */ = {
			isa = PBXSourcesBuildPhase;
			buildActionMask = 2147483647;
			files = (
				AE922F87179381D60088E5E5 /* EPPZSingleton.m in Sources */,
				AE922F88179381E70088E5E5 /* EPPZFileManager.m in Sources */,
				AE17942B1891E4BA00954D38 /* EPPZRepresentablePropertyCell.m in Sources */,
				AE6A81AA1844140A007DACC8 /* UIFont+EPPZKit.m in Sources */,
				AE922F89179381ED0088E5E5 /* NSString+EPPZKit.m in Sources */,
				AE9C40B81794A0A700090A82 /* EPPZReachability.m in Sources */,
				AE9C40BB1794A0C800090A82 /* NSString+EPPZReachability.m in Sources */,
				D804A39E18919D8F00082290 /* EPPZRepresentableInspectorViewController.m in Sources */,
				AE9C411C1794A4D600090A82 /* EPPZUserDefaults.m in Sources */,
				AECDE7981842F3A6004C5ACF /* UIColor+EPPZKit.m in Sources */,
				AE9C41431794CA4A00090A82 /* EPPZFlatButton.m in Sources */,
				AE3511B31841282700BCC751 /* UIImage+EPPZKit.m in Sources */,
				AE83531B1796317D005EE0DC /* EPPZAppStore.m in Sources */,
				AE89108F17F13472001CC4B5 /* EPPZRepresentableException.m in Sources */,
				AE83531E1796317D005EE0DC /* SKProduct+LocalizedPrice.m in Sources */,
				AE9C3D6A1797522100D01536 /* EPPZViewOwner.m in Sources */,
				AE9C3D7017975DB500D01536 /* EPPZAlert.m in Sources */,
				AE9C3D7117975DB500D01536 /* EPPZAlert+Factory.m in Sources */,
				AED953171798B9B50000A0B6 /* EPPZAppStoreCallbacks.m in Sources */,
				AE3511B71841886000BCC751 /* UICircle.m in Sources */,
				AEA0B27F179DF68200439EB0 /* EPPZPagingScrollViewController.m in Sources */,
				AE0F38BA17A459C500552157 /* NSDecimalNumber+LocalizedPrice.m in Sources */,
				D84229BA1821893500B15EC8 /* EPPZDiatonicScale.m in Sources */,
				AECCD94D17A5D80E001CAAFD /* NSDate+EPPZKit.m in Sources */,
				D825700318203BD2008A40C9 /* EPPZGeometry.m in Sources */,
				AEC6888C17B313C000F2206F /* EPPZLabel.m in Sources */,
				AEFC653817B81865004B5214 /* EPPZTimer.m in Sources */,
				AECECBED18428C0F0062250B /* EPPZRandom.m in Sources */,
				D8EDD5C918914AFA003820FC /* EPPZBinding.m in Sources */,
				D8302F5F17BB965800472478 /* EPPZTagFinder.m in Sources */,
				D8302F8C17BBF15700472478 /* EPPZGestureRecognizer.m in Sources */,
				D8AD5DAC17BD0B84004BD9AF /* EPPZDevice.m in Sources */,
				D8AD5DB017BD22BB004BD9AF /* NSObject+EPPZRepresentable.m in Sources */,
				D822ACA917C671200076DE10 /* NSObject+EPPZRepresentable_Plist.m in Sources */,
				AEEBDE7E18008C72001A3255 /* NSArray+EPPZKit.m in Sources */,
				AE00588617C740990061146F /* EPPZBoolTools.m in Sources */,
				D8B1BC1E17C7BE030071763B /* EPPZRepresenter.m in Sources */,
				AEBA295417C8339600C3DA9F /* EPPZAnalytics.m in Sources */,
				AEBA295517C8339600C3DA9F /* EPPZAnalyticsService.m in Sources */,
				D880A8B2188DA4170037A000 /* NSDictionary+EPPZKit.m in Sources */,
				AEBA295617C8339600C3DA9F /* EPPZAnalyticsTimer.m in Sources */,
				AEBA295717C8339600C3DA9F /* EPPZGoogleAnalyticsService.m in Sources */,
				D81E3DC217CD00AF00B2C7A4 /* UIColor+EPPZRepresenter.m in Sources */,
				D8BD6A7A17CE48E1007640CE /* NSObject+EPPZRepresentable_Archive.m in Sources */,
				AE9FCBD817CEB5CC004C57CD /* EPPZTools.m in Sources */,
				AE05144A17D1922D00F7FE5E /* EPPZVersions.m in Sources */,
			);
			runOnlyForDeploymentPostprocessing = 0;
		};
		AE922F9D1793852F0088E5E5 /* Sources */ = {
			isa = PBXSourcesBuildPhase;
			buildActionMask = 2147483647;
			files = (
				AE922FAC1793852F0088E5E5 /* main.m in Sources */,
				AED43CA1182C7EB300E05FA6 /* TBGeometryLinesViewController.m in Sources */,
				AE922FB01793852F0088E5E5 /* TBAppDelegate.m in Sources */,
				AED43CA8182C7EEF00E05FA6 /* TBMenuViewController.m in Sources */,
				AED43CAD182C7F6000E05FA6 /* TBButton.m in Sources */,
				AE922FB9179385300088E5E5 /* TBHtmlStringViewController.m in Sources */,
				D8AD5DB817BD2711004BD9AF /* TBEntity.m in Sources */,
				D8AD5DBB17BD28C7004BD9AF /* TBUser.m in Sources */,
				AED43CB1182C84D000E05FA6 /* TBGeometryLinesView.m in Sources */,
				D8AD5DC117BD30CD004BD9AF /* TBGameUser.m in Sources */,
				D8AD5DC517BD3895004BD9AF /* TBGameProgress.m in Sources */,
				AEF1C56A188DECBC00068D4D /* EPPZColorThemeTestbed.m in Sources */,
				D8B1BC1B17C7A17F0071763B /* UIView+EPPZRepresentable.m in Sources */,
				AE9206B41891CF070072C02C /* TBRepresentableViewController.m in Sources */,
			);
			runOnlyForDeploymentPostprocessing = 0;
		};
		AEF1C586188DF29200068D4D /* Sources */ = {
			isa = PBXSourcesBuildPhase;
			buildActionMask = 2147483647;
			files = (
				AE9E939D1890939700968317 /* UIColor+EPPZKit.m in Sources */,
				AEBD4714188DF74400BAD7A8 /* NSArray+EPPZKit.m in Sources */,
				D889D823188FEB3400D8B6CC /* NSString+EPPZKit.m in Sources */,
				AEBD4723188E029400BAD7A8 /* NSDictionary+EPPZKit.m in Sources */,
				AEBD4726188E03DA00BAD7A8 /* EPPZBoolTools.m in Sources */,
				AEBD4718188DF77000BAD7A8 /* TTools.m in Sources */,
			);
			runOnlyForDeploymentPostprocessing = 0;
		};
/* End PBXSourcesBuildPhase section */

/* Begin PBXTargetDependency section */
		AEBD4711188DF36000BAD7A8 /* PBXTargetDependency */ = {
			isa = PBXTargetDependency;
			target = AE922F77179381270088E5E5 /* eppz!kit */;
			targetProxy = AEBD4710188DF36000BAD7A8 /* PBXContainerItemProxy */;
		};
		AEF1C598188DF29200068D4D /* PBXTargetDependency */ = {
			isa = PBXTargetDependency;
			target = AE922FA01793852F0088E5E5 /* eppz!kit!testbed */;
			targetProxy = AEF1C597188DF29200068D4D /* PBXContainerItemProxy */;
		};
		AEF1C59D188DF2D700068D4D /* PBXTargetDependency */ = {
			isa = PBXTargetDependency;
			target = AE922F77179381270088E5E5 /* eppz!kit */;
			targetProxy = AEF1C59C188DF2D700068D4D /* PBXContainerItemProxy */;
		};
/* End PBXTargetDependency section */

/* Begin PBXVariantGroup section */
		AE922FA81793852F0088E5E5 /* InfoPlist.strings */ = {
			isa = PBXVariantGroup;
			children = (
				AE922FA91793852F0088E5E5 /* en */,
			);
			name = InfoPlist.strings;
			sourceTree = "<group>";
		};
		AE922FBA179385300088E5E5 /* TBHtmlStringViewController.xib */ = {
			isa = PBXVariantGroup;
			children = (
				AE922FBB179385300088E5E5 /* en */,
			);
			name = TBHtmlStringViewController.xib;
			sourceTree = "<group>";
		};
		AEF1C591188DF29200068D4D /* InfoPlist.strings */ = {
			isa = PBXVariantGroup;
			children = (
				AEF1C592188DF29200068D4D /* en */,
			);
			name = InfoPlist.strings;
			sourceTree = "<group>";
		};
/* End PBXVariantGroup section */

/* Begin XCBuildConfiguration section */
		AE922F6217937A1A0088E5E5 /* Debug */ = {
			isa = XCBuildConfiguration;
			buildSettings = {
				ALWAYS_SEARCH_USER_PATHS = NO;
				ARCHS = "$(ARCHS_STANDARD_INCLUDING_64_BIT)";
				CLANG_CXX_LANGUAGE_STANDARD = "gnu++0x";
				CLANG_CXX_LIBRARY = "libc++";
				CLANG_ENABLE_OBJC_ARC = YES;
				CLANG_WARN_CONSTANT_CONVERSION = YES;
				CLANG_WARN_EMPTY_BODY = YES;
				CLANG_WARN_ENUM_CONVERSION = YES;
				CLANG_WARN_INT_CONVERSION = YES;
				CLANG_WARN__DUPLICATE_METHOD_MATCH = YES;
				"CODE_SIGN_IDENTITY[sdk=iphoneos*]" = "iPhone Developer";
				COPY_PHASE_STRIP = NO;
				GCC_C_LANGUAGE_STANDARD = gnu99;
				GCC_DYNAMIC_NO_PIC = NO;
				GCC_OPTIMIZATION_LEVEL = 0;
				GCC_PREPROCESSOR_DEFINITIONS = (
					"DEBUG=1",
					"$(inherited)",
				);
				GCC_SYMBOLS_PRIVATE_EXTERN = NO;
				GCC_WARN_ABOUT_RETURN_TYPE = YES;
				GCC_WARN_UNINITIALIZED_AUTOS = YES;
				GCC_WARN_UNUSED_VARIABLE = YES;
				IPHONEOS_DEPLOYMENT_TARGET = 5.1.1;
				ONLY_ACTIVE_ARCH = YES;
				SDKROOT = iphoneos;
				TARGETED_DEVICE_FAMILY = "1,2";
			};
			name = Debug;
		};
		AE922F6317937A1A0088E5E5 /* Release */ = {
			isa = XCBuildConfiguration;
			buildSettings = {
				ALWAYS_SEARCH_USER_PATHS = NO;
				ARCHS = "$(ARCHS_STANDARD_INCLUDING_64_BIT)";
				CLANG_CXX_LANGUAGE_STANDARD = "gnu++0x";
				CLANG_CXX_LIBRARY = "libc++";
				CLANG_ENABLE_OBJC_ARC = YES;
				CLANG_WARN_CONSTANT_CONVERSION = YES;
				CLANG_WARN_EMPTY_BODY = YES;
				CLANG_WARN_ENUM_CONVERSION = YES;
				CLANG_WARN_INT_CONVERSION = YES;
				CLANG_WARN__DUPLICATE_METHOD_MATCH = YES;
				"CODE_SIGN_IDENTITY[sdk=iphoneos*]" = "iPhone Developer";
				COPY_PHASE_STRIP = YES;
				GCC_C_LANGUAGE_STANDARD = gnu99;
				GCC_WARN_ABOUT_RETURN_TYPE = YES;
				GCC_WARN_UNINITIALIZED_AUTOS = YES;
				GCC_WARN_UNUSED_VARIABLE = YES;
				IPHONEOS_DEPLOYMENT_TARGET = 5.1.1;
				OTHER_CFLAGS = "-DNS_BLOCK_ASSERTIONS=1";
				SDKROOT = iphoneos;
				TARGETED_DEVICE_FAMILY = "1,2";
				VALIDATE_PRODUCT = YES;
			};
			name = Release;
		};
		AE922F82179381280088E5E5 /* Debug */ = {
			isa = XCBuildConfiguration;
			buildSettings = {
				ARCHS = "$(ARCHS_STANDARD_INCLUDING_64_BIT)";
				DSTROOT = /tmp/eppz_kit.dst;
				EXECUTABLE_PREFIX = "lib!";
				GCC_PRECOMPILE_PREFIX_HEADER = YES;
				GCC_PREFIX_HEADER = "";
				HEADER_SEARCH_PATHS = (
					"$(inherited)",
					/Applications/Xcode.app/Contents/Developer/Toolchains/XcodeDefault.xctoolchain/usr/include,
				);
				IPHONEOS_DEPLOYMENT_TARGET = 6.0;
				LIBRARY_SEARCH_PATHS = (
					"$(inherited)",
					"\"$(SRCROOT)/eppz!kit\"",
				);
				OTHER_LDFLAGS = "-ObjC";
				PRODUCT_NAME = "$(TARGET_NAME)";
				SKIP_INSTALL = YES;
			};
			name = Debug;
		};
		AE922F83179381280088E5E5 /* Release */ = {
			isa = XCBuildConfiguration;
			buildSettings = {
				ARCHS = "$(ARCHS_STANDARD_INCLUDING_64_BIT)";
				DSTROOT = /tmp/eppz_kit.dst;
				EXECUTABLE_PREFIX = "lib!";
				GCC_PRECOMPILE_PREFIX_HEADER = YES;
				GCC_PREFIX_HEADER = "";
				HEADER_SEARCH_PATHS = (
					"$(inherited)",
					/Applications/Xcode.app/Contents/Developer/Toolchains/XcodeDefault.xctoolchain/usr/include,
				);
				IPHONEOS_DEPLOYMENT_TARGET = 6.0;
				LIBRARY_SEARCH_PATHS = (
					"$(inherited)",
					"\"$(SRCROOT)/eppz!kit\"",
				);
				OTHER_LDFLAGS = "-ObjC";
				PRODUCT_NAME = "$(TARGET_NAME)";
				SKIP_INSTALL = YES;
			};
			name = Release;
		};
		AE922FC0179385300088E5E5 /* Debug */ = {
			isa = XCBuildConfiguration;
			buildSettings = {
				"CODE_SIGN_IDENTITY[sdk=iphoneos*]" = "iPhone Developer";
				GCC_GENERATE_TEST_COVERAGE_FILES = YES;
				GCC_INSTRUMENT_PROGRAM_FLOW_ARCS = YES;
				GCC_PRECOMPILE_PREFIX_HEADER = YES;
				GCC_PREFIX_HEADER = "eppz!kit!testbed/eppz!kit!testbed-Prefix.pch";
				INFOPLIST_FILE = "eppz!kit!testbed/eppz!kit!testbed-Info.plist";
				IPHONEOS_DEPLOYMENT_TARGET = 5.0;
				LIBRARY_SEARCH_PATHS = (
					"$(inherited)",
					"\"$(SRCROOT)\"/**",
				);
				OTHER_LDFLAGS = "-ObjC";
				PRODUCT_NAME = "$(TARGET_NAME)";
				SDKROOT = iphoneos;
				WRAPPER_EXTENSION = app;
			};
			name = Debug;
		};
		AE922FC1179385300088E5E5 /* Release */ = {
			isa = XCBuildConfiguration;
			buildSettings = {
				"CODE_SIGN_IDENTITY[sdk=iphoneos*]" = "iPhone Developer";
				GCC_GENERATE_TEST_COVERAGE_FILES = YES;
				GCC_INSTRUMENT_PROGRAM_FLOW_ARCS = YES;
				GCC_PRECOMPILE_PREFIX_HEADER = YES;
				GCC_PREFIX_HEADER = "eppz!kit!testbed/eppz!kit!testbed-Prefix.pch";
				GCC_PREPROCESSOR_DEFINITIONS = "DEBUG=0";
				INFOPLIST_FILE = "eppz!kit!testbed/eppz!kit!testbed-Info.plist";
				IPHONEOS_DEPLOYMENT_TARGET = 5.0;
				LIBRARY_SEARCH_PATHS = (
					"$(inherited)",
					"\"$(SRCROOT)\"/**",
				);
				OTHER_LDFLAGS = "-ObjC";
				PRODUCT_NAME = "$(TARGET_NAME)";
				SDKROOT = iphoneos;
				WRAPPER_EXTENSION = app;
			};
			name = Release;
		};
		AEF1C59A188DF29200068D4D /* Debug */ = {
			isa = XCBuildConfiguration;
			buildSettings = {
				ARCHS = "$(ARCHS_STANDARD_INCLUDING_64_BIT)";
				BUNDLE_LOADER = "$(BUILT_PRODUCTS_DIR)/eppz!kit!testbed.app/eppz!kit!testbed";
				CLANG_ENABLE_MODULES = YES;
				CLANG_WARN_BOOL_CONVERSION = YES;
				CLANG_WARN_DIRECT_OBJC_ISA_USAGE = YES_ERROR;
				CLANG_WARN_OBJC_ROOT_CLASS = YES_ERROR;
				FRAMEWORK_SEARCH_PATHS = (
					"$(SDKROOT)/Developer/Library/Frameworks",
					"$(inherited)",
					"$(DEVELOPER_FRAMEWORKS_DIR)",
				);
				GCC_PRECOMPILE_PREFIX_HEADER = YES;
				GCC_PREFIX_HEADER = "eppz!kit!tests/eppz!kit!tests-Prefix.pch";
				GCC_PREPROCESSOR_DEFINITIONS = (
					"DEBUG=1",
					"$(inherited)",
				);
				GCC_WARN_64_TO_32_BIT_CONVERSION = YES;
				GCC_WARN_ABOUT_RETURN_TYPE = YES_ERROR;
				GCC_WARN_UNDECLARED_SELECTOR = YES;
				GCC_WARN_UNUSED_FUNCTION = YES;
				INFOPLIST_FILE = "eppz!kit!tests/eppz!kit!tests-Info.plist";
				IPHONEOS_DEPLOYMENT_TARGET = 7.0;
				PRODUCT_NAME = "$(TARGET_NAME)";
				TEST_HOST = "$(BUNDLE_LOADER)";
				WRAPPER_EXTENSION = xctest;
			};
			name = Debug;
		};
		AEF1C59B188DF29200068D4D /* Release */ = {
			isa = XCBuildConfiguration;
			buildSettings = {
				ARCHS = "$(ARCHS_STANDARD_INCLUDING_64_BIT)";
				BUNDLE_LOADER = "$(BUILT_PRODUCTS_DIR)/eppz!kit!testbed.app/eppz!kit!testbed";
				CLANG_ENABLE_MODULES = YES;
				CLANG_WARN_BOOL_CONVERSION = YES;
				CLANG_WARN_DIRECT_OBJC_ISA_USAGE = YES_ERROR;
				CLANG_WARN_OBJC_ROOT_CLASS = YES_ERROR;
				ENABLE_NS_ASSERTIONS = NO;
				FRAMEWORK_SEARCH_PATHS = (
					"$(SDKROOT)/Developer/Library/Frameworks",
					"$(inherited)",
					"$(DEVELOPER_FRAMEWORKS_DIR)",
				);
				GCC_PRECOMPILE_PREFIX_HEADER = YES;
				GCC_PREFIX_HEADER = "eppz!kit!tests/eppz!kit!tests-Prefix.pch";
				GCC_WARN_64_TO_32_BIT_CONVERSION = YES;
				GCC_WARN_ABOUT_RETURN_TYPE = YES_ERROR;
				GCC_WARN_UNDECLARED_SELECTOR = YES;
				GCC_WARN_UNUSED_FUNCTION = YES;
				INFOPLIST_FILE = "eppz!kit!tests/eppz!kit!tests-Info.plist";
				IPHONEOS_DEPLOYMENT_TARGET = 7.0;
				PRODUCT_NAME = "$(TARGET_NAME)";
				TEST_HOST = "$(BUNDLE_LOADER)";
				WRAPPER_EXTENSION = xctest;
			};
			name = Release;
		};
/* End XCBuildConfiguration section */

/* Begin XCConfigurationList section */
		AE922F3917937A1A0088E5E5 /* Build configuration list for PBXProject "eppz!kit" */ = {
			isa = XCConfigurationList;
			buildConfigurations = (
				AE922F6217937A1A0088E5E5 /* Debug */,
				AE922F6317937A1A0088E5E5 /* Release */,
			);
			defaultConfigurationIsVisible = 0;
			defaultConfigurationName = Release;
		};
		AE922F81179381280088E5E5 /* Build configuration list for PBXNativeTarget "eppz!kit" */ = {
			isa = XCConfigurationList;
			buildConfigurations = (
				AE922F82179381280088E5E5 /* Debug */,
				AE922F83179381280088E5E5 /* Release */,
			);
			defaultConfigurationIsVisible = 0;
			defaultConfigurationName = Release;
		};
		AE922FC2179385300088E5E5 /* Build configuration list for PBXNativeTarget "eppz!kit!testbed" */ = {
			isa = XCConfigurationList;
			buildConfigurations = (
				AE922FC0179385300088E5E5 /* Debug */,
				AE922FC1179385300088E5E5 /* Release */,
			);
			defaultConfigurationIsVisible = 0;
			defaultConfigurationName = Release;
		};
		AEF1C599188DF29200068D4D /* Build configuration list for PBXNativeTarget "eppz!kit!tests" */ = {
			isa = XCConfigurationList;
			buildConfigurations = (
				AEF1C59A188DF29200068D4D /* Debug */,
				AEF1C59B188DF29200068D4D /* Release */,
			);
			defaultConfigurationIsVisible = 0;
			defaultConfigurationName = Release;
		};
/* End XCConfigurationList section */
	};
	rootObject = AE922F3617937A1A0088E5E5 /* Project object */;
}
