// !$*UTF8*$!
{
	archiveVersion = 1;
	classes = {
	};
	objectVersion = 46;
	objects = {

/* Begin PBXBuildFile section */
		AE00588617C740990061146F /* EPPZBoolTools.m in Sources */ = {isa = PBXBuildFile; fileRef = AE00588517C740990061146F /* EPPZBoolTools.m */; };
		AE0F38BA17A459C500552157 /* NSDecimalNumber+LocalizedPrice.m in Sources */ = {isa = PBXBuildFile; fileRef = AE0F38B917A459C500552157 /* NSDecimalNumber+LocalizedPrice.m */; };
		AE83531B1796317D005EE0DC /* EPPZAppStore.m in Sources */ = {isa = PBXBuildFile; fileRef = AE8353141796317D005EE0DC /* EPPZAppStore.m */; };
		AE83531E1796317D005EE0DC /* SKProduct+LocalizedPrice.m in Sources */ = {isa = PBXBuildFile; fileRef = AE83531A1796317D005EE0DC /* SKProduct+LocalizedPrice.m */; };
		AE922F79179381280088E5E5 /* Foundation.framework in Frameworks */ = {isa = PBXBuildFile; fileRef = AE922F4317937A1A0088E5E5 /* Foundation.framework */; };
		AE922F87179381D60088E5E5 /* EPPZSingleton.m in Sources */ = {isa = PBXBuildFile; fileRef = AE922F6D17937B4D0088E5E5 /* EPPZSingleton.m */; settings = {COMPILER_FLAGS = "-fno-objc-arc"; }; };
		AE922F88179381E70088E5E5 /* EPPZFileManager.m in Sources */ = {isa = PBXBuildFile; fileRef = AE922F6917937B2C0088E5E5 /* EPPZFileManager.m */; };
		AE922F89179381ED0088E5E5 /* NSString+EPPZKit.m in Sources */ = {isa = PBXBuildFile; fileRef = AE922F7217937B6A0088E5E5 /* NSString+EPPZKit.m */; };
		AE922FA21793852F0088E5E5 /* UIKit.framework in Frameworks */ = {isa = PBXBuildFile; fileRef = AE922F4117937A1A0088E5E5 /* UIKit.framework */; };
		AE922FA31793852F0088E5E5 /* Foundation.framework in Frameworks */ = {isa = PBXBuildFile; fileRef = AE922F4317937A1A0088E5E5 /* Foundation.framework */; };
		AE922FA41793852F0088E5E5 /* CoreGraphics.framework in Frameworks */ = {isa = PBXBuildFile; fileRef = AE922F4517937A1A0088E5E5 /* CoreGraphics.framework */; };
		AE922FAA1793852F0088E5E5 /* InfoPlist.strings in Resources */ = {isa = PBXBuildFile; fileRef = AE922FA81793852F0088E5E5 /* InfoPlist.strings */; };
		AE922FAC1793852F0088E5E5 /* main.m in Sources */ = {isa = PBXBuildFile; fileRef = AE922FAB1793852F0088E5E5 /* main.m */; };
		AE922FB01793852F0088E5E5 /* EPPZAppDelegate.m in Sources */ = {isa = PBXBuildFile; fileRef = AE922FAF1793852F0088E5E5 /* EPPZAppDelegate.m */; };
		AE922FB2179385300088E5E5 /* Default.png in Resources */ = {isa = PBXBuildFile; fileRef = AE922FB1179385300088E5E5 /* Default.png */; };
		AE922FB4179385300088E5E5 /* Default@2x.png in Resources */ = {isa = PBXBuildFile; fileRef = AE922FB3179385300088E5E5 /* Default@2x.png */; };
		AE922FB6179385300088E5E5 /* Default-568h@2x.png in Resources */ = {isa = PBXBuildFile; fileRef = AE922FB5179385300088E5E5 /* Default-568h@2x.png */; };
		AE922FB9179385300088E5E5 /* EPPZViewController.m in Sources */ = {isa = PBXBuildFile; fileRef = AE922FB8179385300088E5E5 /* EPPZViewController.m */; };
		AE922FBC179385300088E5E5 /* EPPZViewController_iPhone.xib in Resources */ = {isa = PBXBuildFile; fileRef = AE922FBA179385300088E5E5 /* EPPZViewController_iPhone.xib */; };
		AE922FBF179385300088E5E5 /* EPPZViewController_iPad.xib in Resources */ = {isa = PBXBuildFile; fileRef = AE922FBD179385300088E5E5 /* EPPZViewController_iPad.xib */; };
		AE922FC5179389D30088E5E5 /* lib!eppz!kit.a in Frameworks */ = {isa = PBXBuildFile; fileRef = AE922FC4179389D30088E5E5 /* lib!eppz!kit.a */; };
		AE9C3D6A1797522100D01536 /* EPPZViewOwner.m in Sources */ = {isa = PBXBuildFile; fileRef = AE9C3D691797522100D01536 /* EPPZViewOwner.m */; };
		AE9C3D7017975DB500D01536 /* EPPZAlert.m in Sources */ = {isa = PBXBuildFile; fileRef = AE9C3D6D17975DB500D01536 /* EPPZAlert.m */; };
		AE9C3D7117975DB500D01536 /* EPPZAlert+Factory.m in Sources */ = {isa = PBXBuildFile; fileRef = AE9C3D6F17975DB500D01536 /* EPPZAlert+Factory.m */; };
		AE9C40B81794A0A700090A82 /* EPPZReachability.m in Sources */ = {isa = PBXBuildFile; fileRef = AE9C40B71794A0A700090A82 /* EPPZReachability.m */; };
		AE9C40BB1794A0C800090A82 /* NSString+EPPZReachability.m in Sources */ = {isa = PBXBuildFile; fileRef = AE9C40BA1794A0C800090A82 /* NSString+EPPZReachability.m */; };
		AE9C411C1794A4D600090A82 /* EPPZUserDefaults.m in Sources */ = {isa = PBXBuildFile; fileRef = AE9C411B1794A4D600090A82 /* EPPZUserDefaults.m */; };
		AE9C41431794CA4A00090A82 /* EPPZFlatButton.m in Sources */ = {isa = PBXBuildFile; fileRef = AE9C41421794CA4A00090A82 /* EPPZFlatButton.m */; };
		AEA0B27F179DF68200439EB0 /* EPPZPagingScrollViewController.m in Sources */ = {isa = PBXBuildFile; fileRef = AEA0B27E179DF68200439EB0 /* EPPZPagingScrollViewController.m */; };
		AEC6888C17B313C000F2206F /* EPPZLabel.m in Sources */ = {isa = PBXBuildFile; fileRef = AEC6888B17B313C000F2206F /* EPPZLabel.m */; };
		AECCD94D17A5D80E001CAAFD /* NSDate+EPPZKit.m in Sources */ = {isa = PBXBuildFile; fileRef = AECCD94C17A5D80E001CAAFD /* NSDate+EPPZKit.m */; };
		AECCD95217A5DE4C001CAAFD /* StoreKit.framework in Frameworks */ = {isa = PBXBuildFile; fileRef = AECCD95017A5DE4C001CAAFD /* StoreKit.framework */; };
		AECCD95317A5DE4C001CAAFD /* SystemConfiguration.framework in Frameworks */ = {isa = PBXBuildFile; fileRef = AECCD95117A5DE4C001CAAFD /* SystemConfiguration.framework */; };
		AECCD95417A5DE90001CAAFD /* StoreKit.framework in Frameworks */ = {isa = PBXBuildFile; fileRef = AECCD95017A5DE4C001CAAFD /* StoreKit.framework */; };
		AECCD95517A5DE90001CAAFD /* SystemConfiguration.framework in Frameworks */ = {isa = PBXBuildFile; fileRef = AECCD95117A5DE4C001CAAFD /* SystemConfiguration.framework */; };
		AED953171798B9B50000A0B6 /* EPPZAppStoreCallbacks.m in Sources */ = {isa = PBXBuildFile; fileRef = AED953161798B9B50000A0B6 /* EPPZAppStoreCallbacks.m */; };
		AEFC653817B81865004B5214 /* EPPZTimer.m in Sources */ = {isa = PBXBuildFile; fileRef = AEFC653717B81865004B5214 /* EPPZTimer.m */; };
		D822ACA917C671200076DE10 /* NSObject+EPPZRepresentable_Plist.m in Sources */ = {isa = PBXBuildFile; fileRef = D822ACA817C671200076DE10 /* NSObject+EPPZRepresentable_Plist.m */; };
		D822ACAC17C67D5E0076DE10 /* user.plist in Resources */ = {isa = PBXBuildFile; fileRef = D822ACAB17C67D5E0076DE10 /* user.plist */; };
		D8302F5F17BB965800472478 /* EPPZTagFinder.m in Sources */ = {isa = PBXBuildFile; fileRef = D8302F5E17BB965800472478 /* EPPZTagFinder.m */; };
		D8302F6617BBA5BD00472478 /* CoreText.framework in Frameworks */ = {isa = PBXBuildFile; fileRef = D8302F6217BB98F100472478 /* CoreText.framework */; };
		D8302F6717BBA5C500472478 /* QuartzCore.framework in Frameworks */ = {isa = PBXBuildFile; fileRef = D8302F6417BB990F00472478 /* QuartzCore.framework */; };
		D8302F8C17BBF15700472478 /* EPPZGestureRecognizer.m in Sources */ = {isa = PBXBuildFile; fileRef = D8302F8B17BBF15700472478 /* EPPZGestureRecognizer.m */; };
		D8AD5DAC17BD0B84004BD9AF /* EPPZDevice.m in Sources */ = {isa = PBXBuildFile; fileRef = D8AD5DAB17BD0B84004BD9AF /* EPPZDevice.m */; };
		D8AD5DB017BD22BB004BD9AF /* NSObject+EPPZRepresentable.m in Sources */ = {isa = PBXBuildFile; fileRef = D8AD5DAF17BD22BB004BD9AF /* NSObject+EPPZRepresentable.m */; };
		D8AD5DB817BD2711004BD9AF /* EPPZEntity.m in Sources */ = {isa = PBXBuildFile; fileRef = D8AD5DB717BD2711004BD9AF /* EPPZEntity.m */; };
		D8AD5DBB17BD28C7004BD9AF /* EPPZUser.m in Sources */ = {isa = PBXBuildFile; fileRef = D8AD5DBA17BD28C7004BD9AF /* EPPZUser.m */; };
		D8AD5DC117BD30CD004BD9AF /* EPPZGameUser.m in Sources */ = {isa = PBXBuildFile; fileRef = D8AD5DC017BD30CD004BD9AF /* EPPZGameUser.m */; };
		D8AD5DC517BD3895004BD9AF /* EPPZGameProgress.m in Sources */ = {isa = PBXBuildFile; fileRef = D8AD5DC417BD3895004BD9AF /* EPPZGameProgress.m */; };
/* End PBXBuildFile section */

/* Begin PBXCopyFilesBuildPhase section */
		AE922F76179381270088E5E5 /* CopyFiles */ = {
			isa = PBXCopyFilesBuildPhase;
			buildActionMask = 2147483647;
			dstPath = "include/${PRODUCT_NAME}";
			dstSubfolderSpec = 16;
			files = (
			);
			runOnlyForDeploymentPostprocessing = 0;
		};
/* End PBXCopyFilesBuildPhase section */

/* Begin PBXFileReference section */
		AE00588417C740990061146F /* EPPZBoolTools.h */ = {isa = PBXFileReference; fileEncoding = 4; lastKnownFileType = sourcecode.c.h; path = EPPZBoolTools.h; sourceTree = "<group>"; };
		AE00588517C740990061146F /* EPPZBoolTools.m */ = {isa = PBXFileReference; fileEncoding = 4; lastKnownFileType = sourcecode.c.objc; path = EPPZBoolTools.m; sourceTree = "<group>"; };
		AE0F38B817A459C500552157 /* NSDecimalNumber+LocalizedPrice.h */ = {isa = PBXFileReference; fileEncoding = 4; lastKnownFileType = sourcecode.c.h; path = "NSDecimalNumber+LocalizedPrice.h"; sourceTree = "<group>"; };
		AE0F38B917A459C500552157 /* NSDecimalNumber+LocalizedPrice.m */ = {isa = PBXFileReference; fileEncoding = 4; lastKnownFileType = sourcecode.c.objc; path = "NSDecimalNumber+LocalizedPrice.m"; sourceTree = "<group>"; };
		AE8353131796317D005EE0DC /* EPPZAppStore.h */ = {isa = PBXFileReference; fileEncoding = 4; lastKnownFileType = sourcecode.c.h; path = EPPZAppStore.h; sourceTree = "<group>"; };
		AE8353141796317D005EE0DC /* EPPZAppStore.m */ = {isa = PBXFileReference; fileEncoding = 4; lastKnownFileType = sourcecode.c.objc; path = EPPZAppStore.m; sourceTree = "<group>"; };
		AE8353191796317D005EE0DC /* SKProduct+LocalizedPrice.h */ = {isa = PBXFileReference; fileEncoding = 4; lastKnownFileType = sourcecode.c.h; path = "SKProduct+LocalizedPrice.h"; sourceTree = "<group>"; };
		AE83531A1796317D005EE0DC /* SKProduct+LocalizedPrice.m */ = {isa = PBXFileReference; fileEncoding = 4; lastKnownFileType = sourcecode.c.objc; path = "SKProduct+LocalizedPrice.m"; sourceTree = "<group>"; };
		AE922F4117937A1A0088E5E5 /* UIKit.framework */ = {isa = PBXFileReference; lastKnownFileType = wrapper.framework; name = UIKit.framework; path = System/Library/Frameworks/UIKit.framework; sourceTree = SDKROOT; };
		AE922F4317937A1A0088E5E5 /* Foundation.framework */ = {isa = PBXFileReference; lastKnownFileType = wrapper.framework; name = Foundation.framework; path = System/Library/Frameworks/Foundation.framework; sourceTree = SDKROOT; };
		AE922F4517937A1A0088E5E5 /* CoreGraphics.framework */ = {isa = PBXFileReference; lastKnownFileType = wrapper.framework; name = CoreGraphics.framework; path = System/Library/Frameworks/CoreGraphics.framework; sourceTree = SDKROOT; };
		AE922F6817937B2C0088E5E5 /* EPPZFileManager.h */ = {isa = PBXFileReference; fileEncoding = 4; lastKnownFileType = sourcecode.c.h; path = EPPZFileManager.h; sourceTree = "<group>"; };
		AE922F6917937B2C0088E5E5 /* EPPZFileManager.m */ = {isa = PBXFileReference; fileEncoding = 4; lastKnownFileType = sourcecode.c.objc; path = EPPZFileManager.m; sourceTree = "<group>"; };
		AE922F6C17937B4D0088E5E5 /* EPPZSingleton.h */ = {isa = PBXFileReference; fileEncoding = 4; lastKnownFileType = sourcecode.c.h; path = EPPZSingleton.h; sourceTree = "<group>"; };
		AE922F6D17937B4D0088E5E5 /* EPPZSingleton.m */ = {isa = PBXFileReference; fileEncoding = 4; lastKnownFileType = sourcecode.c.objc; path = EPPZSingleton.m; sourceTree = "<group>"; };
		AE922F6E17937B4D0088E5E5 /* EPPZSingletonSubclass.h */ = {isa = PBXFileReference; fileEncoding = 4; lastKnownFileType = sourcecode.c.h; path = EPPZSingletonSubclass.h; sourceTree = "<group>"; };
		AE922F7117937B6A0088E5E5 /* NSString+EPPZKit.h */ = {isa = PBXFileReference; fileEncoding = 4; lastKnownFileType = sourcecode.c.h; path = "NSString+EPPZKit.h"; sourceTree = "<group>"; };
		AE922F7217937B6A0088E5E5 /* NSString+EPPZKit.m */ = {isa = PBXFileReference; fileEncoding = 4; lastKnownFileType = sourcecode.c.objc; path = "NSString+EPPZKit.m"; sourceTree = "<group>"; };
		AE922F78179381270088E5E5 /* lib!eppz!kit.a */ = {isa = PBXFileReference; explicitFileType = archive.ar; includeInIndex = 0; path = "lib!eppz!kit.a"; sourceTree = BUILT_PRODUCTS_DIR; };
		AE922F841793817C0088E5E5 /* EPPZKit.h */ = {isa = PBXFileReference; fileEncoding = 4; lastKnownFileType = sourcecode.c.h; path = EPPZKit.h; sourceTree = "<group>"; };
		AE922FA11793852F0088E5E5 /* eppz!kit!testbed.app */ = {isa = PBXFileReference; explicitFileType = wrapper.application; includeInIndex = 0; path = "eppz!kit!testbed.app"; sourceTree = BUILT_PRODUCTS_DIR; };
		AE922FA71793852F0088E5E5 /* eppz!kit!testbed-Info.plist */ = {isa = PBXFileReference; lastKnownFileType = text.plist.xml; path = "eppz!kit!testbed-Info.plist"; sourceTree = "<group>"; };
		AE922FA91793852F0088E5E5 /* en */ = {isa = PBXFileReference; lastKnownFileType = text.plist.strings; name = en; path = en.lproj/InfoPlist.strings; sourceTree = "<group>"; };
		AE922FAB1793852F0088E5E5 /* main.m */ = {isa = PBXFileReference; lastKnownFileType = sourcecode.c.objc; path = main.m; sourceTree = "<group>"; };
		AE922FAD1793852F0088E5E5 /* eppz!kit!testbed-Prefix.pch */ = {isa = PBXFileReference; lastKnownFileType = sourcecode.c.h; path = "eppz!kit!testbed-Prefix.pch"; sourceTree = "<group>"; };
		AE922FAE1793852F0088E5E5 /* EPPZAppDelegate.h */ = {isa = PBXFileReference; lastKnownFileType = sourcecode.c.h; path = EPPZAppDelegate.h; sourceTree = "<group>"; };
		AE922FAF1793852F0088E5E5 /* EPPZAppDelegate.m */ = {isa = PBXFileReference; lastKnownFileType = sourcecode.c.objc; path = EPPZAppDelegate.m; sourceTree = "<group>"; };
		AE922FB1179385300088E5E5 /* Default.png */ = {isa = PBXFileReference; lastKnownFileType = image.png; path = Default.png; sourceTree = "<group>"; };
		AE922FB3179385300088E5E5 /* Default@2x.png */ = {isa = PBXFileReference; lastKnownFileType = image.png; path = "Default@2x.png"; sourceTree = "<group>"; };
		AE922FB5179385300088E5E5 /* Default-568h@2x.png */ = {isa = PBXFileReference; lastKnownFileType = image.png; path = "Default-568h@2x.png"; sourceTree = "<group>"; };
		AE922FB7179385300088E5E5 /* EPPZViewController.h */ = {isa = PBXFileReference; lastKnownFileType = sourcecode.c.h; path = EPPZViewController.h; sourceTree = "<group>"; };
		AE922FB8179385300088E5E5 /* EPPZViewController.m */ = {isa = PBXFileReference; lastKnownFileType = sourcecode.c.objc; path = EPPZViewController.m; sourceTree = "<group>"; };
		AE922FBB179385300088E5E5 /* en */ = {isa = PBXFileReference; lastKnownFileType = file.xib; name = en; path = en.lproj/EPPZViewController_iPhone.xib; sourceTree = "<group>"; };
		AE922FBE179385300088E5E5 /* en */ = {isa = PBXFileReference; lastKnownFileType = file.xib; name = en; path = en.lproj/EPPZViewController_iPad.xib; sourceTree = "<group>"; };
		AE922FC3179385ED0088E5E5 /* README.md */ = {isa = PBXFileReference; lastKnownFileType = text; path = README.md; sourceTree = SOURCE_ROOT; };
		AE922FC4179389D30088E5E5 /* lib!eppz!kit.a */ = {isa = PBXFileReference; lastKnownFileType = archive.ar; path = "lib!eppz!kit.a"; sourceTree = SOURCE_ROOT; };
		AE9C3D681797522100D01536 /* EPPZViewOwner.h */ = {isa = PBXFileReference; fileEncoding = 4; lastKnownFileType = sourcecode.c.h; path = EPPZViewOwner.h; sourceTree = "<group>"; };
		AE9C3D691797522100D01536 /* EPPZViewOwner.m */ = {isa = PBXFileReference; fileEncoding = 4; lastKnownFileType = sourcecode.c.objc; path = EPPZViewOwner.m; sourceTree = "<group>"; };
		AE9C3D6C17975DB500D01536 /* EPPZAlert.h */ = {isa = PBXFileReference; fileEncoding = 4; lastKnownFileType = sourcecode.c.h; path = EPPZAlert.h; sourceTree = "<group>"; };
		AE9C3D6D17975DB500D01536 /* EPPZAlert.m */ = {isa = PBXFileReference; fileEncoding = 4; lastKnownFileType = sourcecode.c.objc; path = EPPZAlert.m; sourceTree = "<group>"; };
		AE9C3D6E17975DB500D01536 /* EPPZAlert+Factory.h */ = {isa = PBXFileReference; fileEncoding = 4; lastKnownFileType = sourcecode.c.h; path = "EPPZAlert+Factory.h"; sourceTree = "<group>"; };
		AE9C3D6F17975DB500D01536 /* EPPZAlert+Factory.m */ = {isa = PBXFileReference; fileEncoding = 4; lastKnownFileType = sourcecode.c.objc; path = "EPPZAlert+Factory.m"; sourceTree = "<group>"; };
		AE9C40B61794A0A700090A82 /* EPPZReachability.h */ = {isa = PBXFileReference; fileEncoding = 4; lastKnownFileType = sourcecode.c.h; path = EPPZReachability.h; sourceTree = "<group>"; };
		AE9C40B71794A0A700090A82 /* EPPZReachability.m */ = {isa = PBXFileReference; fileEncoding = 4; lastKnownFileType = sourcecode.c.objc; path = EPPZReachability.m; sourceTree = "<group>"; };
		AE9C40B91794A0C800090A82 /* NSString+EPPZReachability.h */ = {isa = PBXFileReference; fileEncoding = 4; lastKnownFileType = sourcecode.c.h; path = "NSString+EPPZReachability.h"; sourceTree = "<group>"; };
		AE9C40BA1794A0C800090A82 /* NSString+EPPZReachability.m */ = {isa = PBXFileReference; fileEncoding = 4; lastKnownFileType = sourcecode.c.objc; path = "NSString+EPPZReachability.m"; sourceTree = "<group>"; };
		AE9C411A1794A4D600090A82 /* EPPZUserDefaults.h */ = {isa = PBXFileReference; fileEncoding = 4; lastKnownFileType = sourcecode.c.h; path = EPPZUserDefaults.h; sourceTree = "<group>"; };
		AE9C411B1794A4D600090A82 /* EPPZUserDefaults.m */ = {isa = PBXFileReference; fileEncoding = 4; lastKnownFileType = sourcecode.c.objc; path = EPPZUserDefaults.m; sourceTree = "<group>"; };
		AE9C41411794CA4A00090A82 /* EPPZFlatButton.h */ = {isa = PBXFileReference; fileEncoding = 4; lastKnownFileType = sourcecode.c.h; path = EPPZFlatButton.h; sourceTree = "<group>"; };
		AE9C41421794CA4A00090A82 /* EPPZFlatButton.m */ = {isa = PBXFileReference; fileEncoding = 4; lastKnownFileType = sourcecode.c.objc; path = EPPZFlatButton.m; sourceTree = "<group>"; };
		AEA0B27D179DF68200439EB0 /* EPPZPagingScrollViewController.h */ = {isa = PBXFileReference; fileEncoding = 4; lastKnownFileType = sourcecode.c.h; path = EPPZPagingScrollViewController.h; sourceTree = "<group>"; };
		AEA0B27E179DF68200439EB0 /* EPPZPagingScrollViewController.m */ = {isa = PBXFileReference; fileEncoding = 4; lastKnownFileType = sourcecode.c.objc; path = EPPZPagingScrollViewController.m; sourceTree = "<group>"; };
		AEC6888A17B313C000F2206F /* EPPZLabel.h */ = {isa = PBXFileReference; fileEncoding = 4; lastKnownFileType = sourcecode.c.h; path = EPPZLabel.h; sourceTree = "<group>"; };
		AEC6888B17B313C000F2206F /* EPPZLabel.m */ = {isa = PBXFileReference; fileEncoding = 4; lastKnownFileType = sourcecode.c.objc; path = EPPZLabel.m; sourceTree = "<group>"; };
		AECCD94B17A5D80E001CAAFD /* NSDate+EPPZKit.h */ = {isa = PBXFileReference; fileEncoding = 4; lastKnownFileType = sourcecode.c.h; path = "NSDate+EPPZKit.h"; sourceTree = "<group>"; };
		AECCD94C17A5D80E001CAAFD /* NSDate+EPPZKit.m */ = {isa = PBXFileReference; fileEncoding = 4; lastKnownFileType = sourcecode.c.objc; path = "NSDate+EPPZKit.m"; sourceTree = "<group>"; };
		AECCD95017A5DE4C001CAAFD /* StoreKit.framework */ = {isa = PBXFileReference; lastKnownFileType = wrapper.framework; name = StoreKit.framework; path = System/Library/Frameworks/StoreKit.framework; sourceTree = SDKROOT; };
		AECCD95117A5DE4C001CAAFD /* SystemConfiguration.framework */ = {isa = PBXFileReference; lastKnownFileType = wrapper.framework; name = SystemConfiguration.framework; path = System/Library/Frameworks/SystemConfiguration.framework; sourceTree = SDKROOT; };
		AED953151798B9B50000A0B6 /* EPPZAppStoreCallbacks.h */ = {isa = PBXFileReference; fileEncoding = 4; lastKnownFileType = sourcecode.c.h; path = EPPZAppStoreCallbacks.h; sourceTree = "<group>"; };
		AED953161798B9B50000A0B6 /* EPPZAppStoreCallbacks.m */ = {isa = PBXFileReference; fileEncoding = 4; lastKnownFileType = sourcecode.c.objc; path = EPPZAppStoreCallbacks.m; sourceTree = "<group>"; };
		AEFC653617B81865004B5214 /* EPPZTimer.h */ = {isa = PBXFileReference; fileEncoding = 4; lastKnownFileType = sourcecode.c.h; path = EPPZTimer.h; sourceTree = "<group>"; };
		AEFC653717B81865004B5214 /* EPPZTimer.m */ = {isa = PBXFileReference; fileEncoding = 4; lastKnownFileType = sourcecode.c.objc; path = EPPZTimer.m; sourceTree = "<group>"; };
		D822ACA717C671200076DE10 /* NSObject+EPPZRepresentable_Plist.h */ = {isa = PBXFileReference; fileEncoding = 4; lastKnownFileType = sourcecode.c.h; path = "NSObject+EPPZRepresentable_Plist.h"; sourceTree = "<group>"; };
		D822ACA817C671200076DE10 /* NSObject+EPPZRepresentable_Plist.m */ = {isa = PBXFileReference; fileEncoding = 4; lastKnownFileType = sourcecode.c.objc; path = "NSObject+EPPZRepresentable_Plist.m"; sourceTree = "<group>"; };
		D822ACAB17C67D5E0076DE10 /* user.plist */ = {isa = PBXFileReference; fileEncoding = 4; lastKnownFileType = text.plist.xml; path = user.plist; sourceTree = "<group>"; };
		D8302F5D17BB965800472478 /* EPPZTagFinder.h */ = {isa = PBXFileReference; fileEncoding = 4; lastKnownFileType = sourcecode.c.h; path = EPPZTagFinder.h; sourceTree = "<group>"; };
		D8302F5E17BB965800472478 /* EPPZTagFinder.m */ = {isa = PBXFileReference; fileEncoding = 4; lastKnownFileType = sourcecode.c.objc; path = EPPZTagFinder.m; sourceTree = "<group>"; };
		D8302F6217BB98F100472478 /* CoreText.framework */ = {isa = PBXFileReference; lastKnownFileType = wrapper.framework; name = CoreText.framework; path = System/Library/Frameworks/CoreText.framework; sourceTree = SDKROOT; };
		D8302F6417BB990F00472478 /* QuartzCore.framework */ = {isa = PBXFileReference; lastKnownFileType = wrapper.framework; name = QuartzCore.framework; path = System/Library/Frameworks/QuartzCore.framework; sourceTree = SDKROOT; };
		D8302F8A17BBF15700472478 /* EPPZGestureRecognizer.h */ = {isa = PBXFileReference; fileEncoding = 4; lastKnownFileType = sourcecode.c.h; path = EPPZGestureRecognizer.h; sourceTree = "<group>"; };
		D8302F8B17BBF15700472478 /* EPPZGestureRecognizer.m */ = {isa = PBXFileReference; fileEncoding = 4; lastKnownFileType = sourcecode.c.objc; path = EPPZGestureRecognizer.m; sourceTree = "<group>"; };
		D8AD5DAA17BD0B84004BD9AF /* EPPZDevice.h */ = {isa = PBXFileReference; fileEncoding = 4; lastKnownFileType = sourcecode.c.h; path = EPPZDevice.h; sourceTree = "<group>"; };
		D8AD5DAB17BD0B84004BD9AF /* EPPZDevice.m */ = {isa = PBXFileReference; fileEncoding = 4; lastKnownFileType = sourcecode.c.objc; path = EPPZDevice.m; sourceTree = "<group>"; };
		D8AD5DAE17BD22BB004BD9AF /* NSObject+EPPZRepresentable.h */ = {isa = PBXFileReference; fileEncoding = 4; lastKnownFileType = sourcecode.c.h; path = "NSObject+EPPZRepresentable.h"; sourceTree = "<group>"; };
		D8AD5DAF17BD22BB004BD9AF /* NSObject+EPPZRepresentable.m */ = {isa = PBXFileReference; fileEncoding = 4; lastKnownFileType = sourcecode.c.objc; path = "NSObject+EPPZRepresentable.m"; sourceTree = "<group>"; };
		D8AD5DB617BD2711004BD9AF /* EPPZEntity.h */ = {isa = PBXFileReference; fileEncoding = 4; lastKnownFileType = sourcecode.c.h; path = EPPZEntity.h; sourceTree = "<group>"; };
		D8AD5DB717BD2711004BD9AF /* EPPZEntity.m */ = {isa = PBXFileReference; fileEncoding = 4; lastKnownFileType = sourcecode.c.objc; path = EPPZEntity.m; sourceTree = "<group>"; };
		D8AD5DB917BD28C7004BD9AF /* EPPZUser.h */ = {isa = PBXFileReference; fileEncoding = 4; lastKnownFileType = sourcecode.c.h; path = EPPZUser.h; sourceTree = "<group>"; };
		D8AD5DBA17BD28C7004BD9AF /* EPPZUser.m */ = {isa = PBXFileReference; fileEncoding = 4; lastKnownFileType = sourcecode.c.objc; path = EPPZUser.m; sourceTree = "<group>"; };
		D8AD5DBE17BD2F3C004BD9AF /* EPPZRepresentable.rtf */ = {isa = PBXFileReference; fileEncoding = 4; lastKnownFileType = text.rtf; path = EPPZRepresentable.rtf; sourceTree = "<group>"; };
		D8AD5DBF17BD30CD004BD9AF /* EPPZGameUser.h */ = {isa = PBXFileReference; fileEncoding = 4; lastKnownFileType = sourcecode.c.h; path = EPPZGameUser.h; sourceTree = "<group>"; };
		D8AD5DC017BD30CD004BD9AF /* EPPZGameUser.m */ = {isa = PBXFileReference; fileEncoding = 4; lastKnownFileType = sourcecode.c.objc; path = EPPZGameUser.m; sourceTree = "<group>"; };
		D8AD5DC317BD3894004BD9AF /* EPPZGameProgress.h */ = {isa = PBXFileReference; fileEncoding = 4; lastKnownFileType = sourcecode.c.h; path = EPPZGameProgress.h; sourceTree = "<group>"; };
		D8AD5DC417BD3895004BD9AF /* EPPZGameProgress.m */ = {isa = PBXFileReference; fileEncoding = 4; lastKnownFileType = sourcecode.c.objc; path = EPPZGameProgress.m; sourceTree = "<group>"; };
/* End PBXFileReference section */

/* Begin PBXFrameworksBuildPhase section */
		AE922F75179381270088E5E5 /* Frameworks */ = {
			isa = PBXFrameworksBuildPhase;
			buildActionMask = 2147483647;
			files = (
				AE922F79179381280088E5E5 /* Foundation.framework in Frameworks */,
				AECCD95217A5DE4C001CAAFD /* StoreKit.framework in Frameworks */,
				AECCD95317A5DE4C001CAAFD /* SystemConfiguration.framework in Frameworks */,
			);
			runOnlyForDeploymentPostprocessing = 0;
		};
		AE922F9E1793852F0088E5E5 /* Frameworks */ = {
			isa = PBXFrameworksBuildPhase;
			buildActionMask = 2147483647;
			files = (
				D8302F6717BBA5C500472478 /* QuartzCore.framework in Frameworks */,
				D8302F6617BBA5BD00472478 /* CoreText.framework in Frameworks */,
				AECCD95417A5DE90001CAAFD /* StoreKit.framework in Frameworks */,
				AECCD95517A5DE90001CAAFD /* SystemConfiguration.framework in Frameworks */,
				AE922FA21793852F0088E5E5 /* UIKit.framework in Frameworks */,
				AE922FA31793852F0088E5E5 /* Foundation.framework in Frameworks */,
				AE922FA41793852F0088E5E5 /* CoreGraphics.framework in Frameworks */,
				AE922FC5179389D30088E5E5 /* lib!eppz!kit.a in Frameworks */,
			);
			runOnlyForDeploymentPostprocessing = 0;
		};
/* End PBXFrameworksBuildPhase section */

/* Begin PBXGroup section */
		AE00588317C740840061146F /* □ Bool tools */ = {
			isa = PBXGroup;
			children = (
				AE00588417C740990061146F /* EPPZBoolTools.h */,
				AE00588517C740990061146F /* EPPZBoolTools.m */,
			);
			name = "□ Bool tools";
			sourceTree = "<group>";
		};
		AE83531217963126005EE0DC /* □ App Store */ = {
			isa = PBXGroup;
			children = (
				AE8353131796317D005EE0DC /* EPPZAppStore.h */,
				AE8353141796317D005EE0DC /* EPPZAppStore.m */,
				AED953181798BF900000A0B6 /* Callbacks */,
				AE83532117963195005EE0DC /* Localized price */,
			);
			name = "□ App Store";
			sourceTree = "<group>";
		};
		AE83532117963195005EE0DC /* Localized price */ = {
			isa = PBXGroup;
			children = (
				AE8353191796317D005EE0DC /* SKProduct+LocalizedPrice.h */,
				AE83531A1796317D005EE0DC /* SKProduct+LocalizedPrice.m */,
				AE0F38B817A459C500552157 /* NSDecimalNumber+LocalizedPrice.h */,
				AE0F38B917A459C500552157 /* NSDecimalNumber+LocalizedPrice.m */,
			);
			name = "Localized price";
			sourceTree = "<group>";
		};
		AE922F3517937A1A0088E5E5 = {
			isa = PBXGroup;
			children = (
				AE922F7A179381280088E5E5 /* eppz!kit */,
				AE922FA51793852F0088E5E5 /* eppz!kit!testbed */,
				AE922F4017937A1A0088E5E5 /* Frameworks */,
				AE922F3F17937A1A0088E5E5 /* Products */,
			);
			sourceTree = "<group>";
		};
		AE922F3F17937A1A0088E5E5 /* Products */ = {
			isa = PBXGroup;
			children = (
				AE922F78179381270088E5E5 /* lib!eppz!kit.a */,
				AE922FA11793852F0088E5E5 /* eppz!kit!testbed.app */,
			);
			name = Products;
			sourceTree = "<group>";
		};
		AE922F4017937A1A0088E5E5 /* Frameworks */ = {
			isa = PBXGroup;
			children = (
				D8302F6417BB990F00472478 /* QuartzCore.framework */,
				D8302F6217BB98F100472478 /* CoreText.framework */,
				AECCD95017A5DE4C001CAAFD /* StoreKit.framework */,
				AECCD95117A5DE4C001CAAFD /* SystemConfiguration.framework */,
				AE922F4117937A1A0088E5E5 /* UIKit.framework */,
				AE922F4317937A1A0088E5E5 /* Foundation.framework */,
				AE922F4517937A1A0088E5E5 /* CoreGraphics.framework */,
			);
			name = Frameworks;
			sourceTree = "<group>";
		};
		AE922F6717937B090088E5E5 /* □ File manager */ = {
			isa = PBXGroup;
			children = (
				AE922F6817937B2C0088E5E5 /* EPPZFileManager.h */,
				AE922F6917937B2C0088E5E5 /* EPPZFileManager.m */,
			);
			name = "□ File manager";
			sourceTree = "<group>";
		};
		AE922F6B17937B390088E5E5 /* □ Singleton (Non ARC) */ = {
			isa = PBXGroup;
			children = (
				AE922F6C17937B4D0088E5E5 /* EPPZSingleton.h */,
				AE922F6D17937B4D0088E5E5 /* EPPZSingleton.m */,
				AE922F6E17937B4D0088E5E5 /* EPPZSingletonSubclass.h */,
			);
			name = "□ Singleton (Non ARC)";
			sourceTree = "<group>";
		};
		AE922F7017937B530088E5E5 /* □ NSString+EPPZKit */ = {
			isa = PBXGroup;
			children = (
				AE922F7117937B6A0088E5E5 /* NSString+EPPZKit.h */,
				AE922F7217937B6A0088E5E5 /* NSString+EPPZKit.m */,
			);
			name = "□ NSString+EPPZKit";
			sourceTree = "<group>";
		};
		AE922F7A179381280088E5E5 /* eppz!kit */ = {
			isa = PBXGroup;
			children = (
				AE922FC3179385ED0088E5E5 /* README.md */,
				AE922F841793817C0088E5E5 /* EPPZKit.h */,
				D8AD5DB217BD2314004BD9AF /* ❑ Base classes */,
				D8AD5DB317BD2328004BD9AF /* ❑ Wrappers */,
				D8AD5DB417BD233E004BD9AF /* ❑ Tools */,
				AE9C41401794CA3C00090A82 /* ❑ UIKit tools */,
				D8AD5DB117BD22C0004BD9AF /* ❑ Model tools */,
			);
			path = "eppz!kit";
			sourceTree = "<group>";
		};
		AE922FA51793852F0088E5E5 /* eppz!kit!testbed */ = {
			isa = PBXGroup;
			children = (
				D8AD5DB517BD26F8004BD9AF /* Model */,
				AE922FC617938A4F0088E5E5 /* eppz!kit */,
				AE922FAE1793852F0088E5E5 /* EPPZAppDelegate.h */,
				AE922FAF1793852F0088E5E5 /* EPPZAppDelegate.m */,
				AE922FB7179385300088E5E5 /* EPPZViewController.h */,
				AE922FB8179385300088E5E5 /* EPPZViewController.m */,
				AE922FBA179385300088E5E5 /* EPPZViewController_iPhone.xib */,
				AE922FBD179385300088E5E5 /* EPPZViewController_iPad.xib */,
				AE922FA61793852F0088E5E5 /* Supporting Files */,
			);
			path = "eppz!kit!testbed";
			sourceTree = "<group>";
		};
		AE922FA61793852F0088E5E5 /* Supporting Files */ = {
			isa = PBXGroup;
			children = (
				AE922FA71793852F0088E5E5 /* eppz!kit!testbed-Info.plist */,
				AE922FA81793852F0088E5E5 /* InfoPlist.strings */,
				AE922FAB1793852F0088E5E5 /* main.m */,
				AE922FAD1793852F0088E5E5 /* eppz!kit!testbed-Prefix.pch */,
				AE922FB1179385300088E5E5 /* Default.png */,
				AE922FB3179385300088E5E5 /* Default@2x.png */,
				AE922FB5179385300088E5E5 /* Default-568h@2x.png */,
			);
			name = "Supporting Files";
			sourceTree = "<group>";
		};
		AE922FC617938A4F0088E5E5 /* eppz!kit */ = {
			isa = PBXGroup;
			children = (
				AE922FC4179389D30088E5E5 /* lib!eppz!kit.a */,
			);
			name = "eppz!kit";
			sourceTree = "<group>";
		};
		AE9C3D671797520600D01536 /* □ Nib owners */ = {
			isa = PBXGroup;
			children = (
				AE9C3D681797522100D01536 /* EPPZViewOwner.h */,
				AE9C3D691797522100D01536 /* EPPZViewOwner.m */,
			);
			name = "□ Nib owners";
			sourceTree = "<group>";
		};
		AE9C3D6B17975DAD00D01536 /* □ Alert */ = {
			isa = PBXGroup;
			children = (
				AE9C3D6C17975DB500D01536 /* EPPZAlert.h */,
				AE9C3D6D17975DB500D01536 /* EPPZAlert.m */,
				AE9C3D6E17975DB500D01536 /* EPPZAlert+Factory.h */,
				AE9C3D6F17975DB500D01536 /* EPPZAlert+Factory.m */,
			);
			name = "□ Alert";
			sourceTree = "<group>";
		};
		AE9C40B51794A09000090A82 /* □ Reachability */ = {
			isa = PBXGroup;
			children = (
				AE9C40B61794A0A700090A82 /* EPPZReachability.h */,
				AE9C40B71794A0A700090A82 /* EPPZReachability.m */,
				AE9C40BC1794A0CB00090A82 /* NSString+EPPZReachability */,
			);
			name = "□ Reachability";
			sourceTree = "<group>";
		};
		AE9C40BC1794A0CB00090A82 /* NSString+EPPZReachability */ = {
			isa = PBXGroup;
			children = (
				AE9C40B91794A0C800090A82 /* NSString+EPPZReachability.h */,
				AE9C40BA1794A0C800090A82 /* NSString+EPPZReachability.m */,
			);
			name = "NSString+EPPZReachability";
			sourceTree = "<group>";
		};
		AE9C41191794A4C800090A82 /* □ User defaults */ = {
			isa = PBXGroup;
			children = (
				AE9C411A1794A4D600090A82 /* EPPZUserDefaults.h */,
				AE9C411B1794A4D600090A82 /* EPPZUserDefaults.m */,
			);
			name = "□ User defaults";
			sourceTree = "<group>";
		};
		AE9C41401794CA3C00090A82 /* ❑ UIKit tools */ = {
			isa = PBXGroup;
			children = (
				AE9C3D671797520600D01536 /* □ Nib owners */,
				D8302F8917BBF14700472478 /* □ Gesture recognizer */,
				AE9C41441794CA6F00090A82 /* □ Flat button */,
				AE9C3D6B17975DAD00D01536 /* □ Alert */,
				AEA0B27C179DF66B00439EB0 /* □ Paging scroll view controller */,
				D8302F6017BB97E600472478 /* □ Label */,
			);
			name = "❑ UIKit tools";
			sourceTree = "<group>";
		};
		AE9C41441794CA6F00090A82 /* □ Flat button */ = {
			isa = PBXGroup;
			children = (
				AE9C41411794CA4A00090A82 /* EPPZFlatButton.h */,
				AE9C41421794CA4A00090A82 /* EPPZFlatButton.m */,
			);
			name = "□ Flat button";
			sourceTree = "<group>";
		};
		AEA0B27C179DF66B00439EB0 /* □ Paging scroll view controller */ = {
			isa = PBXGroup;
			children = (
				AEA0B27D179DF68200439EB0 /* EPPZPagingScrollViewController.h */,
				AEA0B27E179DF68200439EB0 /* EPPZPagingScrollViewController.m */,
			);
			name = "□ Paging scroll view controller";
			sourceTree = "<group>";
		};
		AECCD94717A5D7A5001CAAFD /* □ NSDate+EPPZKit */ = {
			isa = PBXGroup;
			children = (
				AECCD94B17A5D80E001CAAFD /* NSDate+EPPZKit.h */,
				AECCD94C17A5D80E001CAAFD /* NSDate+EPPZKit.m */,
			);
			name = "□ NSDate+EPPZKit";
			sourceTree = "<group>";
		};
		AED953181798BF900000A0B6 /* Callbacks */ = {
			isa = PBXGroup;
			children = (
				AED953151798B9B50000A0B6 /* EPPZAppStoreCallbacks.h */,
				AED953161798B9B50000A0B6 /* EPPZAppStoreCallbacks.m */,
			);
			name = Callbacks;
			sourceTree = "<group>";
		};
		AEFC653917B82032004B5214 /* □ Timer */ = {
			isa = PBXGroup;
			children = (
				AEFC653617B81865004B5214 /* EPPZTimer.h */,
				AEFC653717B81865004B5214 /* EPPZTimer.m */,
			);
			name = "□ Timer";
			sourceTree = "<group>";
		};
		D8302F6017BB97E600472478 /* □ Label */ = {
			isa = PBXGroup;
			children = (
				D8302F6117BB97F100472478 /* Tag finder */,
				AEC6888A17B313C000F2206F /* EPPZLabel.h */,
				AEC6888B17B313C000F2206F /* EPPZLabel.m */,
			);
			name = "□ Label";
			sourceTree = "<group>";
		};
		D8302F6117BB97F100472478 /* Tag finder */ = {
			isa = PBXGroup;
			children = (
				D8302F5D17BB965800472478 /* EPPZTagFinder.h */,
				D8302F5E17BB965800472478 /* EPPZTagFinder.m */,
			);
			name = "Tag finder";
			sourceTree = "<group>";
		};
		D8302F8917BBF14700472478 /* □ Gesture recognizer */ = {
			isa = PBXGroup;
			children = (
				D8302F8A17BBF15700472478 /* EPPZGestureRecognizer.h */,
				D8302F8B17BBF15700472478 /* EPPZGestureRecognizer.m */,
			);
			name = "□ Gesture recognizer";
			sourceTree = "<group>";
		};
		D8AD5DAD17BD0E01004BD9AF /* □ Device */ = {
			isa = PBXGroup;
			children = (
				D8AD5DAA17BD0B84004BD9AF /* EPPZDevice.h */,
				D8AD5DAB17BD0B84004BD9AF /* EPPZDevice.m */,
			);
			name = "□ Device";
			sourceTree = "<group>";
		};
		D8AD5DB117BD22C0004BD9AF /* ❑ Model tools */ = {
			isa = PBXGroup;
			children = (
				D8AD5DBE17BD2F3C004BD9AF /* EPPZRepresentable.rtf */,
				D8AD5DAE17BD22BB004BD9AF /* NSObject+EPPZRepresentable.h */,
				D8AD5DAF17BD22BB004BD9AF /* NSObject+EPPZRepresentable.m */,
				D822ACA717C671200076DE10 /* NSObject+EPPZRepresentable_Plist.h */,
				D822ACA817C671200076DE10 /* NSObject+EPPZRepresentable_Plist.m */,
				AE9C41191794A4C800090A82 /* □ User defaults */,
			);
			name = "❑ Model tools";
			sourceTree = "<group>";
		};
		D8AD5DB217BD2314004BD9AF /* ❑ Base classes */ = {
			isa = PBXGroup;
			children = (
				AE922F6B17937B390088E5E5 /* □ Singleton (Non ARC) */,
			);
			name = "❑ Base classes";
			sourceTree = "<group>";
		};
		D8AD5DB317BD2328004BD9AF /* ❑ Wrappers */ = {
			isa = PBXGroup;
			children = (
				AE922F6717937B090088E5E5 /* □ File manager */,
				D8AD5DAD17BD0E01004BD9AF /* □ Device */,
				AE9C40B51794A09000090A82 /* □ Reachability */,
				AE83531217963126005EE0DC /* □ App Store */,
			);
			name = "❑ Wrappers";
			sourceTree = "<group>";
		};
		D8AD5DB417BD233E004BD9AF /* ❑ Tools */ = {
			isa = PBXGroup;
			children = (
				AE00588317C740840061146F /* □ Bool tools */,
				AECCD94717A5D7A5001CAAFD /* □ NSDate+EPPZKit */,
				AE922F7017937B530088E5E5 /* □ NSString+EPPZKit */,
				AEFC653917B82032004B5214 /* □ Timer */,
			);
			name = "❑ Tools";
			sourceTree = "<group>";
		};
		D8AD5DB517BD26F8004BD9AF /* Model */ = {
			isa = PBXGroup;
			children = (
				D8AD5DBC17BD292B004BD9AF /* Entity */,
			);
			name = Model;
			sourceTree = "<group>";
		};
		D8AD5DBC17BD292B004BD9AF /* Entity */ = {
			isa = PBXGroup;
			children = (
				D8AD5DB617BD2711004BD9AF /* EPPZEntity.h */,
				D8AD5DB717BD2711004BD9AF /* EPPZEntity.m */,
				D8AD5DBD17BD2932004BD9AF /* User */,
			);
			name = Entity;
			sourceTree = "<group>";
		};
		D8AD5DBD17BD2932004BD9AF /* User */ = {
			isa = PBXGroup;
			children = (
				D822ACAB17C67D5E0076DE10 /* user.plist */,
				D8AD5DB917BD28C7004BD9AF /* EPPZUser.h */,
				D8AD5DBA17BD28C7004BD9AF /* EPPZUser.m */,
				D8AD5DC217BD30D0004BD9AF /* Game user */,
			);
			name = User;
			sourceTree = "<group>";
		};
		D8AD5DC217BD30D0004BD9AF /* Game user */ = {
			isa = PBXGroup;
			children = (
				D8AD5DBF17BD30CD004BD9AF /* EPPZGameUser.h */,
				D8AD5DC017BD30CD004BD9AF /* EPPZGameUser.m */,
				D8AD5DC617BD3897004BD9AF /* Game progress */,
			);
			name = "Game user";
			sourceTree = "<group>";
		};
		D8AD5DC617BD3897004BD9AF /* Game progress */ = {
			isa = PBXGroup;
			children = (
				D8AD5DC317BD3894004BD9AF /* EPPZGameProgress.h */,
				D8AD5DC417BD3895004BD9AF /* EPPZGameProgress.m */,
			);
			name = "Game progress";
			sourceTree = "<group>";
		};
/* End PBXGroup section */

/* Begin PBXNativeTarget section */
		AE922F77179381270088E5E5 /* eppz!kit */ = {
			isa = PBXNativeTarget;
			buildConfigurationList = AE922F81179381280088E5E5 /* Build configuration list for PBXNativeTarget "eppz!kit" */;
			buildPhases = (
				AE922F74179381270088E5E5 /* Sources */,
				AE922F75179381270088E5E5 /* Frameworks */,
				AE922F76179381270088E5E5 /* CopyFiles */,
				AE922F8A179382050088E5E5 /* ShellScript */,
			);
			buildRules = (
			);
			dependencies = (
			);
			name = "eppz!kit";
			productName = "eppz!kit";
			productReference = AE922F78179381270088E5E5 /* lib!eppz!kit.a */;
			productType = "com.apple.product-type.library.static";
		};
		AE922FA01793852F0088E5E5 /* eppz!kit!testbed */ = {
			isa = PBXNativeTarget;
			buildConfigurationList = AE922FC2179385300088E5E5 /* Build configuration list for PBXNativeTarget "eppz!kit!testbed" */;
			buildPhases = (
				AE922F9D1793852F0088E5E5 /* Sources */,
				AE922F9E1793852F0088E5E5 /* Frameworks */,
				AE922F9F1793852F0088E5E5 /* Resources */,
			);
			buildRules = (
			);
			dependencies = (
			);
			name = "eppz!kit!testbed";
			productName = "eppz!kit!testbed";
			productReference = AE922FA11793852F0088E5E5 /* eppz!kit!testbed.app */;
			productType = "com.apple.product-type.application";
		};
/* End PBXNativeTarget section */

/* Begin PBXProject section */
		AE922F3617937A1A0088E5E5 /* Project object */ = {
			isa = PBXProject;
			attributes = {
				CLASSPREFIX = EPPZ;
				LastUpgradeCheck = 0460;
				ORGANIZATIONNAME = "eppz!";
			};
			buildConfigurationList = AE922F3917937A1A0088E5E5 /* Build configuration list for PBXProject "eppz!kit" */;
			compatibilityVersion = "Xcode 3.2";
			developmentRegion = English;
			hasScannedForEncodings = 0;
			knownRegions = (
				en,
			);
			mainGroup = AE922F3517937A1A0088E5E5;
			productRefGroup = AE922F3F17937A1A0088E5E5 /* Products */;
			projectDirPath = "";
			projectRoot = "";
			targets = (
				AE922F77179381270088E5E5 /* eppz!kit */,
				AE922FA01793852F0088E5E5 /* eppz!kit!testbed */,
			);
		};
/* End PBXProject section */

/* Begin PBXResourcesBuildPhase section */
		AE922F9F1793852F0088E5E5 /* Resources */ = {
			isa = PBXResourcesBuildPhase;
			buildActionMask = 2147483647;
			files = (
				AE922FAA1793852F0088E5E5 /* InfoPlist.strings in Resources */,
				AE922FB2179385300088E5E5 /* Default.png in Resources */,
				AE922FB4179385300088E5E5 /* Default@2x.png in Resources */,
				AE922FB6179385300088E5E5 /* Default-568h@2x.png in Resources */,
				AE922FBC179385300088E5E5 /* EPPZViewController_iPhone.xib in Resources */,
				AE922FBF179385300088E5E5 /* EPPZViewController_iPad.xib in Resources */,
				D822ACAC17C67D5E0076DE10 /* user.plist in Resources */,
			);
			runOnlyForDeploymentPostprocessing = 0;
		};
/* End PBXResourcesBuildPhase section */

/* Begin PBXShellScriptBuildPhase section */
		AE922F8A179382050088E5E5 /* ShellScript */ = {
			isa = PBXShellScriptBuildPhase;
			buildActionMask = 2147483647;
			files = (
			);
			inputPaths = (
			);
			outputPaths = (
			);
			runOnlyForDeploymentPostprocessing = 0;
			shellPath = /bin/sh;
			shellScript = "echo 'Copy built executable to source file root folder'\ncp $BUILT_PRODUCTS_DIR'/'$EXECUTABLE_NAME $SRCROOT";
		};
/* End PBXShellScriptBuildPhase section */

/* Begin PBXSourcesBuildPhase section */
		AE922F74179381270088E5E5 /* Sources */ = {
			isa = PBXSourcesBuildPhase;
			buildActionMask = 2147483647;
			files = (
				AE922F87179381D60088E5E5 /* EPPZSingleton.m in Sources */,
				AE922F88179381E70088E5E5 /* EPPZFileManager.m in Sources */,
				AE922F89179381ED0088E5E5 /* NSString+EPPZKit.m in Sources */,
				AE9C40B81794A0A700090A82 /* EPPZReachability.m in Sources */,
				AE9C40BB1794A0C800090A82 /* NSString+EPPZReachability.m in Sources */,
				AE9C411C1794A4D600090A82 /* EPPZUserDefaults.m in Sources */,
				AE9C41431794CA4A00090A82 /* EPPZFlatButton.m in Sources */,
				AE83531B1796317D005EE0DC /* EPPZAppStore.m in Sources */,
				AE83531E1796317D005EE0DC /* SKProduct+LocalizedPrice.m in Sources */,
				AE9C3D6A1797522100D01536 /* EPPZViewOwner.m in Sources */,
				AE9C3D7017975DB500D01536 /* EPPZAlert.m in Sources */,
				AE9C3D7117975DB500D01536 /* EPPZAlert+Factory.m in Sources */,
				AED953171798B9B50000A0B6 /* EPPZAppStoreCallbacks.m in Sources */,
				AEA0B27F179DF68200439EB0 /* EPPZPagingScrollViewController.m in Sources */,
				AE0F38BA17A459C500552157 /* NSDecimalNumber+LocalizedPrice.m in Sources */,
				AECCD94D17A5D80E001CAAFD /* NSDate+EPPZKit.m in Sources */,
				AEC6888C17B313C000F2206F /* EPPZLabel.m in Sources */,
				AEFC653817B81865004B5214 /* EPPZTimer.m in Sources */,
				D8302F5F17BB965800472478 /* EPPZTagFinder.m in Sources */,
				D8302F8C17BBF15700472478 /* EPPZGestureRecognizer.m in Sources */,
				D8AD5DAC17BD0B84004BD9AF /* EPPZDevice.m in Sources */,
				D8AD5DB017BD22BB004BD9AF /* NSObject+EPPZRepresentable.m in Sources */,
				D822ACA917C671200076DE10 /* NSObject+EPPZRepresentable_Plist.m in Sources */,
				AE00588617C740990061146F /* EPPZBoolTools.m in Sources */,
			);
			runOnlyForDeploymentPostprocessing = 0;
		};
		AE922F9D1793852F0088E5E5 /* Sources */ = {
			isa = PBXSourcesBuildPhase;
			buildActionMask = 2147483647;
			files = (
				AE922FAC1793852F0088E5E5 /* main.m in Sources */,
				AE922FB01793852F0088E5E5 /* EPPZAppDelegate.m in Sources */,
				AE922FB9179385300088E5E5 /* EPPZViewController.m in Sources */,
				D8AD5DB817BD2711004BD9AF /* EPPZEntity.m in Sources */,
				D8AD5DBB17BD28C7004BD9AF /* EPPZUser.m in Sources */,
				D8AD5DC117BD30CD004BD9AF /* EPPZGameUser.m in Sources */,
				D8AD5DC517BD3895004BD9AF /* EPPZGameProgress.m in Sources */,
			);
			runOnlyForDeploymentPostprocessing = 0;
		};
/* End PBXSourcesBuildPhase section */

/* Begin PBXVariantGroup section */
		AE922FA81793852F0088E5E5 /* InfoPlist.strings */ = {
			isa = PBXVariantGroup;
			children = (
				AE922FA91793852F0088E5E5 /* en */,
			);
			name = InfoPlist.strings;
			sourceTree = "<group>";
		};
		AE922FBA179385300088E5E5 /* EPPZViewController_iPhone.xib */ = {
			isa = PBXVariantGroup;
			children = (
				AE922FBB179385300088E5E5 /* en */,
			);
			name = EPPZViewController_iPhone.xib;
			sourceTree = "<group>";
		};
		AE922FBD179385300088E5E5 /* EPPZViewController_iPad.xib */ = {
			isa = PBXVariantGroup;
			children = (
				AE922FBE179385300088E5E5 /* en */,
			);
			name = EPPZViewController_iPad.xib;
			sourceTree = "<group>";
		};
/* End PBXVariantGroup section */

/* Begin XCBuildConfiguration section */
		AE922F6217937A1A0088E5E5 /* Debug */ = {
			isa = XCBuildConfiguration;
			buildSettings = {
				ALWAYS_SEARCH_USER_PATHS = NO;
				CLANG_CXX_LANGUAGE_STANDARD = "gnu++0x";
				CLANG_CXX_LIBRARY = "libc++";
				CLANG_ENABLE_OBJC_ARC = YES;
				CLANG_WARN_CONSTANT_CONVERSION = YES;
				CLANG_WARN_EMPTY_BODY = YES;
				CLANG_WARN_ENUM_CONVERSION = YES;
				CLANG_WARN_INT_CONVERSION = YES;
				CLANG_WARN__DUPLICATE_METHOD_MATCH = YES;
				"CODE_SIGN_IDENTITY[sdk=iphoneos*]" = "iPhone Developer";
				COPY_PHASE_STRIP = NO;
				GCC_C_LANGUAGE_STANDARD = gnu99;
				GCC_DYNAMIC_NO_PIC = NO;
				GCC_OPTIMIZATION_LEVEL = 0;
				GCC_PREPROCESSOR_DEFINITIONS = (
					"DEBUG=1",
					"$(inherited)",
				);
				GCC_SYMBOLS_PRIVATE_EXTERN = NO;
				GCC_WARN_ABOUT_RETURN_TYPE = YES;
				GCC_WARN_UNINITIALIZED_AUTOS = YES;
				GCC_WARN_UNUSED_VARIABLE = YES;
				IPHONEOS_DEPLOYMENT_TARGET = 5.0;
				ONLY_ACTIVE_ARCH = NO;
				SDKROOT = iphoneos;
				TARGETED_DEVICE_FAMILY = "1,2";
			};
			name = Debug;
		};
		AE922F6317937A1A0088E5E5 /* Release */ = {
			isa = XCBuildConfiguration;
			buildSettings = {
				ALWAYS_SEARCH_USER_PATHS = NO;
				CLANG_CXX_LANGUAGE_STANDARD = "gnu++0x";
				CLANG_CXX_LIBRARY = "libc++";
				CLANG_ENABLE_OBJC_ARC = YES;
				CLANG_WARN_CONSTANT_CONVERSION = YES;
				CLANG_WARN_EMPTY_BODY = YES;
				CLANG_WARN_ENUM_CONVERSION = YES;
				CLANG_WARN_INT_CONVERSION = YES;
				CLANG_WARN__DUPLICATE_METHOD_MATCH = YES;
				"CODE_SIGN_IDENTITY[sdk=iphoneos*]" = "iPhone Developer";
				COPY_PHASE_STRIP = YES;
				GCC_C_LANGUAGE_STANDARD = gnu99;
				GCC_WARN_ABOUT_RETURN_TYPE = YES;
				GCC_WARN_UNINITIALIZED_AUTOS = YES;
				GCC_WARN_UNUSED_VARIABLE = YES;
				IPHONEOS_DEPLOYMENT_TARGET = 5.0;
				OTHER_CFLAGS = "-DNS_BLOCK_ASSERTIONS=1";
				SDKROOT = iphoneos;
				TARGETED_DEVICE_FAMILY = "1,2";
				VALIDATE_PRODUCT = YES;
			};
			name = Release;
		};
		AE922F82179381280088E5E5 /* Debug */ = {
			isa = XCBuildConfiguration;
			buildSettings = {
				DSTROOT = /tmp/eppz_kit.dst;
				EXECUTABLE_PREFIX = "lib!";
				GCC_PRECOMPILE_PREFIX_HEADER = YES;
				GCC_PREFIX_HEADER = "";
				OTHER_LDFLAGS = "-ObjC";
				PRODUCT_NAME = "$(TARGET_NAME)";
				SKIP_INSTALL = YES;
			};
			name = Debug;
		};
		AE922F83179381280088E5E5 /* Release */ = {
			isa = XCBuildConfiguration;
			buildSettings = {
				DSTROOT = /tmp/eppz_kit.dst;
				EXECUTABLE_PREFIX = "lib!";
				GCC_PRECOMPILE_PREFIX_HEADER = YES;
				GCC_PREFIX_HEADER = "";
				OTHER_LDFLAGS = "-ObjC";
				PRODUCT_NAME = "$(TARGET_NAME)";
				SKIP_INSTALL = YES;
			};
			name = Release;
		};
		AE922FC0179385300088E5E5 /* Debug */ = {
			isa = XCBuildConfiguration;
			buildSettings = {
				"CODE_SIGN_IDENTITY[sdk=iphoneos*]" = "iPhone Developer";
				GCC_PRECOMPILE_PREFIX_HEADER = YES;
				GCC_PREFIX_HEADER = "eppz!kit!testbed/eppz!kit!testbed-Prefix.pch";
				INFOPLIST_FILE = "eppz!kit!testbed/eppz!kit!testbed-Info.plist";
				IPHONEOS_DEPLOYMENT_TARGET = 5.0;
				LIBRARY_SEARCH_PATHS = (
					"$(inherited)",
					"\"$(SRCROOT)\"/**",
				);
				OTHER_LDFLAGS = "-ObjC";
				PRODUCT_NAME = "$(TARGET_NAME)";
				SDKROOT = iphoneos;
				WRAPPER_EXTENSION = app;
			};
			name = Debug;
		};
		AE922FC1179385300088E5E5 /* Release */ = {
			isa = XCBuildConfiguration;
			buildSettings = {
				"CODE_SIGN_IDENTITY[sdk=iphoneos*]" = "iPhone Developer";
				GCC_PRECOMPILE_PREFIX_HEADER = YES;
				GCC_PREFIX_HEADER = "eppz!kit!testbed/eppz!kit!testbed-Prefix.pch";
				INFOPLIST_FILE = "eppz!kit!testbed/eppz!kit!testbed-Info.plist";
				IPHONEOS_DEPLOYMENT_TARGET = 5.0;
				LIBRARY_SEARCH_PATHS = (
					"$(inherited)",
					"\"$(SRCROOT)\"/**",
				);
				OTHER_LDFLAGS = "-ObjC";
				PRODUCT_NAME = "$(TARGET_NAME)";
				SDKROOT = iphoneos;
				WRAPPER_EXTENSION = app;
			};
			name = Release;
		};
/* End XCBuildConfiguration section */

/* Begin XCConfigurationList section */
		AE922F3917937A1A0088E5E5 /* Build configuration list for PBXProject "eppz!kit" */ = {
			isa = XCConfigurationList;
			buildConfigurations = (
				AE922F6217937A1A0088E5E5 /* Debug */,
				AE922F6317937A1A0088E5E5 /* Release */,
			);
			defaultConfigurationIsVisible = 0;
			defaultConfigurationName = Release;
		};
		AE922F81179381280088E5E5 /* Build configuration list for PBXNativeTarget "eppz!kit" */ = {
			isa = XCConfigurationList;
			buildConfigurations = (
				AE922F82179381280088E5E5 /* Debug */,
				AE922F83179381280088E5E5 /* Release */,
			);
			defaultConfigurationIsVisible = 0;
			defaultConfigurationName = Release;
		};
		AE922FC2179385300088E5E5 /* Build configuration list for PBXNativeTarget "eppz!kit!testbed" */ = {
			isa = XCConfigurationList;
			buildConfigurations = (
				AE922FC0179385300088E5E5 /* Debug */,
				AE922FC1179385300088E5E5 /* Release */,
			);
			defaultConfigurationIsVisible = 0;
			defaultConfigurationName = Release;
		};
/* End XCConfigurationList section */
	};
	rootObject = AE922F3617937A1A0088E5E5 /* Project object */;
}
